// !$*UTF8*$!
{
	archiveVersion = 1;
	classes = {
	};
	objectVersion = 46;
	objects = {

/* Begin PBXBuildFile section */
		0A0B6B881559E03700FE6264 /* 320x480-Splash-angry-01.png in Resources */ = {isa = PBXBuildFile; fileRef = 0A0B6B6C1559E03700FE6264 /* 320x480-Splash-angry-01.png */; };
		0A0B6B891559E03700FE6264 /* 320x480-Splash-angry-02.png in Resources */ = {isa = PBXBuildFile; fileRef = 0A0B6B6D1559E03700FE6264 /* 320x480-Splash-angry-02.png */; };
		0A0B6B8A1559E03700FE6264 /* 320x480-Splash-happy-01.png in Resources */ = {isa = PBXBuildFile; fileRef = 0A0B6B6E1559E03700FE6264 /* 320x480-Splash-happy-01.png */; };
		0A0B6B8B1559E03700FE6264 /* 320x480-Splash-happy-02.png in Resources */ = {isa = PBXBuildFile; fileRef = 0A0B6B6F1559E03700FE6264 /* 320x480-Splash-happy-02.png */; };
		0A0B6B8C1559E03700FE6264 /* 480x320-splash-angry-01.png in Resources */ = {isa = PBXBuildFile; fileRef = 0A0B6B701559E03700FE6264 /* 480x320-splash-angry-01.png */; };
		0A0B6B8D1559E03700FE6264 /* 480x320-splash-angry-02.png in Resources */ = {isa = PBXBuildFile; fileRef = 0A0B6B711559E03700FE6264 /* 480x320-splash-angry-02.png */; };
		0A0B6B8E1559E03700FE6264 /* 480x320-splash-happy-01.png in Resources */ = {isa = PBXBuildFile; fileRef = 0A0B6B721559E03700FE6264 /* 480x320-splash-happy-01.png */; };
		0A0B6B8F1559E03700FE6264 /* 480x320-splash-happy-02.png in Resources */ = {isa = PBXBuildFile; fileRef = 0A0B6B731559E03700FE6264 /* 480x320-splash-happy-02.png */; };
		0A0B6B901559E03700FE6264 /* Official-cocos2d-Icon-Angry.png in Resources */ = {isa = PBXBuildFile; fileRef = 0A0B6B741559E03700FE6264 /* Official-cocos2d-Icon-Angry.png */; };
		0A0B6B911559E03700FE6264 /* Official-cocos2d-Icon-Happy.png in Resources */ = {isa = PBXBuildFile; fileRef = 0A0B6B751559E03700FE6264 /* Official-cocos2d-Icon-Happy.png */; };
		0A0B6B921559E03700FE6264 /* Official-cocos2d-Logo-Landscape-Angry.png in Resources */ = {isa = PBXBuildFile; fileRef = 0A0B6B761559E03700FE6264 /* Official-cocos2d-Logo-Landscape-Angry.png */; };
		0A0B6B931559E03700FE6264 /* Official-cocos2d-Logo-Landscape-Happy.png in Resources */ = {isa = PBXBuildFile; fileRef = 0A0B6B771559E03700FE6264 /* Official-cocos2d-Logo-Landscape-Happy.png */; };
		0A0B6B941559E03700FE6264 /* Official-cocos2d-Logo-Portrait-Angry.png in Resources */ = {isa = PBXBuildFile; fileRef = 0A0B6B781559E03700FE6264 /* Official-cocos2d-Logo-Portrait-Angry.png */; };
		0A0B6B951559E03700FE6264 /* Official-cocos2d-Logo-Portrait-Happy.png in Resources */ = {isa = PBXBuildFile; fileRef = 0A0B6B791559E03700FE6264 /* Official-cocos2d-Logo-Portrait-Happy.png */; };
		0A0B6B961559E03700FE6264 /* Official-cocos2d-Tag.png in Resources */ = {isa = PBXBuildFile; fileRef = 0A0B6B7A1559E03700FE6264 /* Official-cocos2d-Tag.png */; };
		0A0B6B971559E03700FE6264 /* README.txt in Resources */ = {isa = PBXBuildFile; fileRef = 0A0B6B7B1559E03700FE6264 /* README.txt */; };
		0A0B6B981559E03700FE6264 /* sfchromefenders.ttf in Resources */ = {isa = PBXBuildFile; fileRef = 0A0B6B7C1559E03700FE6264 /* sfchromefenders.ttf */; };
		0A0B6B991559E03700FE6264 /* Default.png in Resources */ = {isa = PBXBuildFile; fileRef = 0A0B6B7D1559E03700FE6264 /* Default.png */; };
		0A0B6B9B1559E03700FE6264 /* Icon-72.png in Resources */ = {isa = PBXBuildFile; fileRef = 0A0B6B7F1559E03700FE6264 /* Icon-72.png */; };
		0A0B6B9C1559E03700FE6264 /* Icon-Small-50.png in Resources */ = {isa = PBXBuildFile; fileRef = 0A0B6B801559E03700FE6264 /* Icon-Small-50.png */; };
		0A0B6B9D1559E03700FE6264 /* Icon-Small.png in Resources */ = {isa = PBXBuildFile; fileRef = 0A0B6B811559E03700FE6264 /* Icon-Small.png */; };
		0A0B6B9E1559E03700FE6264 /* Icon-Small@2x.png in Resources */ = {isa = PBXBuildFile; fileRef = 0A0B6B821559E03700FE6264 /* Icon-Small@2x.png */; };
		0A0B6B9F1559E03700FE6264 /* Icon.png in Resources */ = {isa = PBXBuildFile; fileRef = 0A0B6B831559E03700FE6264 /* Icon.png */; };
		0A0B6BA01559E03700FE6264 /* Icon@2x.png in Resources */ = {isa = PBXBuildFile; fileRef = 0A0B6B841559E03700FE6264 /* Icon@2x.png */; };
		0A0B6BA11559E03700FE6264 /* Info.plist in Resources */ = {isa = PBXBuildFile; fileRef = 0A0B6B851559E03700FE6264 /* Info.plist */; };
		0A0B6BA21559E03700FE6264 /* InfoWithStatusBar.plist in Resources */ = {isa = PBXBuildFile; fileRef = 0A0B6B861559E03700FE6264 /* InfoWithStatusBar.plist */; };
		0A0B6BA31559E03700FE6264 /* iTunesArtwork in Resources */ = {isa = PBXBuildFile; fileRef = 0A0B6B871559E03700FE6264 /* iTunesArtwork */; };
		0A0B6CFE1559F04500FE6264 /* bugs in Resources */ = {isa = PBXBuildFile; fileRef = 0A0B6CFD1559F04500FE6264 /* bugs */; };
		0A0B6D791559F27800FE6264 /* b1-hd.png in Resources */ = {isa = PBXBuildFile; fileRef = 0A0B6D5E1559F27800FE6264 /* b1-hd.png */; };
		0A0B6D7A1559F27800FE6264 /* b1.png in Resources */ = {isa = PBXBuildFile; fileRef = 0A0B6D5F1559F27800FE6264 /* b1.png */; };
		0A0B6D7B1559F27800FE6264 /* b2-hd.png in Resources */ = {isa = PBXBuildFile; fileRef = 0A0B6D601559F27800FE6264 /* b2-hd.png */; };
		0A0B6D7C1559F27800FE6264 /* b2.png in Resources */ = {isa = PBXBuildFile; fileRef = 0A0B6D611559F27800FE6264 /* b2.png */; };
		0A0B6D7D1559F27800FE6264 /* background3.jpg in Resources */ = {isa = PBXBuildFile; fileRef = 0A0B6D621559F27800FE6264 /* background3.jpg */; };
		0A0B6D7E1559F27800FE6264 /* circle-hd.plist in Resources */ = {isa = PBXBuildFile; fileRef = 0A0B6D641559F27800FE6264 /* circle-hd.plist */; };
		0A0B6D7F1559F27800FE6264 /* circle-hd.png in Resources */ = {isa = PBXBuildFile; fileRef = 0A0B6D651559F27800FE6264 /* circle-hd.png */; };
		0A0B6D801559F27800FE6264 /* circle.plist in Resources */ = {isa = PBXBuildFile; fileRef = 0A0B6D661559F27800FE6264 /* circle.plist */; };
		0A0B6D811559F27800FE6264 /* circle.png in Resources */ = {isa = PBXBuildFile; fileRef = 0A0B6D671559F27800FE6264 /* circle.png */; };
		0A0B6D821559F27800FE6264 /* f1-hd.png in Resources */ = {isa = PBXBuildFile; fileRef = 0A0B6D681559F27800FE6264 /* f1-hd.png */; };
		0A0B6D831559F27800FE6264 /* f1.png in Resources */ = {isa = PBXBuildFile; fileRef = 0A0B6D691559F27800FE6264 /* f1.png */; };
		0A0B6D841559F27800FE6264 /* f2-hd.png in Resources */ = {isa = PBXBuildFile; fileRef = 0A0B6D6A1559F27800FE6264 /* f2-hd.png */; };
		0A0B6D851559F27800FE6264 /* f2.png in Resources */ = {isa = PBXBuildFile; fileRef = 0A0B6D6B1559F27800FE6264 /* f2.png */; };
		0A0B6D861559F27800FE6264 /* fire-grayscale.png in Resources */ = {isa = PBXBuildFile; fileRef = 0A0B6D6C1559F27800FE6264 /* fire-grayscale.png */; };
		0A0B6D871559F27800FE6264 /* fire.png in Resources */ = {isa = PBXBuildFile; fileRef = 0A0B6D6D1559F27800FE6264 /* fire.png */; };
		0A0B6D881559F27800FE6264 /* fire.pvr in Resources */ = {isa = PBXBuildFile; fileRef = 0A0B6D6E1559F27800FE6264 /* fire.pvr */; };
		0A0B6D891559F27800FE6264 /* fire_rgba8888.pvr in Resources */ = {isa = PBXBuildFile; fileRef = 0A0B6D6F1559F27800FE6264 /* fire_rgba8888.pvr */; };
		0A0B6D8A1559F27800FE6264 /* fps_images-hd.png in Resources */ = {isa = PBXBuildFile; fileRef = 0A0B6D701559F27800FE6264 /* fps_images-hd.png */; };
		0A0B6D8B1559F27800FE6264 /* fps_images.png in Resources */ = {isa = PBXBuildFile; fileRef = 0A0B6D711559F27800FE6264 /* fps_images.png */; };
		0A0B6D8C1559F27800FE6264 /* powered.png in Resources */ = {isa = PBXBuildFile; fileRef = 0A0B6D721559F27800FE6264 /* powered.png */; };
		0A0B6D8D1559F27800FE6264 /* r1-hd.png in Resources */ = {isa = PBXBuildFile; fileRef = 0A0B6D731559F27800FE6264 /* r1-hd.png */; };
		0A0B6D8E1559F27800FE6264 /* r1.png in Resources */ = {isa = PBXBuildFile; fileRef = 0A0B6D741559F27800FE6264 /* r1.png */; };
		0A0B6D8F1559F27800FE6264 /* r2-hd.png in Resources */ = {isa = PBXBuildFile; fileRef = 0A0B6D751559F27800FE6264 /* r2-hd.png */; };
		0A0B6D901559F27800FE6264 /* r2.png in Resources */ = {isa = PBXBuildFile; fileRef = 0A0B6D761559F27800FE6264 /* r2.png */; };
		0A0B6D911559F27800FE6264 /* test_image.gif in Resources */ = {isa = PBXBuildFile; fileRef = 0A0B6D771559F27800FE6264 /* test_image.gif */; };
		0A0B6D921559F27800FE6264 /* test_image.jpeg in Resources */ = {isa = PBXBuildFile; fileRef = 0A0B6D781559F27800FE6264 /* test_image.jpeg */; };
		0A0B6DA6155A529100FE6264 /* cocos2d-kamcord.framework in Frameworks */ = {isa = PBXBuildFile; fileRef = 0A0B6DA5155A529100FE6264 /* cocos2d-kamcord.framework */; };
		0A7B4B4A155899C70098BD0D /* UIKit.framework in Frameworks */ = {isa = PBXBuildFile; fileRef = 0A7B4B49155899C70098BD0D /* UIKit.framework */; };
		0A7B4B4C155899C70098BD0D /* Foundation.framework in Frameworks */ = {isa = PBXBuildFile; fileRef = 0A7B4B4B155899C70098BD0D /* Foundation.framework */; };
		0A7B4B4E155899C70098BD0D /* CoreGraphics.framework in Frameworks */ = {isa = PBXBuildFile; fileRef = 0A7B4B4D155899C70098BD0D /* CoreGraphics.framework */; };
		0A7B4B54155899C70098BD0D /* InfoPlist.strings in Resources */ = {isa = PBXBuildFile; fileRef = 0A7B4B52155899C70098BD0D /* InfoPlist.strings */; };
		0A7B4B56155899C70098BD0D /* main.m in Sources */ = {isa = PBXBuildFile; fileRef = 0A7B4B55155899C70098BD0D /* main.m */; };
		0A7B4B6715589CC90098BD0D /* RenderTextureTest.m in Sources */ = {isa = PBXBuildFile; fileRef = 0A7B4B6615589B880098BD0D /* RenderTextureTest.m */; };
		0A7B4E611558E4C70098BD0D /* AssetsLibrary.framework in Frameworks */ = {isa = PBXBuildFile; fileRef = 0A7B4E601558E4C70098BD0D /* AssetsLibrary.framework */; };
		0A7B4E631558E4CC0098BD0D /* AVFoundation.framework in Frameworks */ = {isa = PBXBuildFile; fileRef = 0A7B4E621558E4CC0098BD0D /* AVFoundation.framework */; };
		0A7B4E651558E4D40098BD0D /* CoreMedia.framework in Frameworks */ = {isa = PBXBuildFile; fileRef = 0A7B4E641558E4D40098BD0D /* CoreMedia.framework */; };
		0A7B4E671558E4F00098BD0D /* OpenGLES.framework in Frameworks */ = {isa = PBXBuildFile; fileRef = 0A7B4E661558E4F00098BD0D /* OpenGLES.framework */; };
		0A7B4E691558E4F50098BD0D /* SystemConfiguration.framework in Frameworks */ = {isa = PBXBuildFile; fileRef = 0A7B4E681558E4F50098BD0D /* SystemConfiguration.framework */; };
		0A7B4E6B1558E4F90098BD0D /* Security.framework in Frameworks */ = {isa = PBXBuildFile; fileRef = 0A7B4E6A1558E4F90098BD0D /* Security.framework */; };
		0A7B4E6D1558E5040098BD0D /* CoreVideo.framework in Frameworks */ = {isa = PBXBuildFile; fileRef = 0A7B4E6C1558E5040098BD0D /* CoreVideo.framework */; };
		0A7B4E6F1558E5100098BD0D /* MessageUI.framework in Frameworks */ = {isa = PBXBuildFile; fileRef = 0A7B4E6E1558E5100098BD0D /* MessageUI.framework */; };
		0A7B4E711558E5620098BD0D /* MediaPlayer.framework in Frameworks */ = {isa = PBXBuildFile; fileRef = 0A7B4E701558E5620098BD0D /* MediaPlayer.framework */; };
		0A7B4E731558E5670098BD0D /* Twitter.framework in Frameworks */ = {isa = PBXBuildFile; fileRef = 0A7B4E721558E5670098BD0D /* Twitter.framework */; };
		0A7B4E751558E5AC0098BD0D /* QuartzCore.framework in Frameworks */ = {isa = PBXBuildFile; fileRef = 0A7B4E741558E5AC0098BD0D /* QuartzCore.framework */; };
		0A7B4E771558E5D50098BD0D /* libz.dylib in Frameworks */ = {isa = PBXBuildFile; fileRef = 0A7B4E761558E5D50098BD0D /* libz.dylib */; };
		0A8D2DBA1566293700EEC778 /* email_icon_gray.png in Resources */ = {isa = PBXBuildFile; fileRef = 0A8D2DAF1566293700EEC778 /* email_icon_gray.png */; };
		0A8D2DBB1566293700EEC778 /* email_icon.png in Resources */ = {isa = PBXBuildFile; fileRef = 0A8D2DB01566293700EEC778 /* email_icon.png */; };
		0A8D2DBC1566293700EEC778 /* f_logo_gray_small.png in Resources */ = {isa = PBXBuildFile; fileRef = 0A8D2DB11566293700EEC778 /* f_logo_gray_small.png */; };
		0A8D2DBD1566293700EEC778 /* f_logo.png in Resources */ = {isa = PBXBuildFile; fileRef = 0A8D2DB21566293700EEC778 /* f_logo.png */; };
		0A8D2DBE1566293700EEC778 /* KamcordStoryboard_iPad.storyboardc in Resources */ = {isa = PBXBuildFile; fileRef = 0A8D2DB31566293700EEC778 /* KamcordStoryboard_iPad.storyboardc */; };
		0A8D2DBF1566293700EEC778 /* KamcordStoryboard_iPhone_Portrait.storyboardc in Resources */ = {isa = PBXBuildFile; fileRef = 0A8D2DB41566293700EEC778 /* KamcordStoryboard_iPhone_Portrait.storyboardc */; };
		0A8D2DC01566293700EEC778 /* KamcordStoryboard_iPhone.storyboardc in Resources */ = {isa = PBXBuildFile; fileRef = 0A8D2DB51566293700EEC778 /* KamcordStoryboard_iPhone.storyboardc */; };
		0A8D2DC11566293700EEC778 /* ShareKit.bundle in Resources */ = {isa = PBXBuildFile; fileRef = 0A8D2DB61566293700EEC778 /* ShareKit.bundle */; };
		0A8D2DC21566293700EEC778 /* SHKSharers.plist in Resources */ = {isa = PBXBuildFile; fileRef = 0A8D2DB71566293700EEC778 /* SHKSharers.plist */; };
		0A8D2DC31566293700EEC778 /* twitter_logo_gray_small.png in Resources */ = {isa = PBXBuildFile; fileRef = 0A8D2DB81566293700EEC778 /* twitter_logo_gray_small.png */; };
		0A8D2DC41566293700EEC778 /* twitter_logo.png in Resources */ = {isa = PBXBuildFile; fileRef = 0A8D2DB91566293700EEC778 /* twitter_logo.png */; };
		0A8D2E9015662A7000EEC778 /* AWSiOSSDK.framework in Frameworks */ = {isa = PBXBuildFile; fileRef = 0A8D2E8F15662A7000EEC778 /* AWSiOSSDK.framework */; };
		0A8D2E9215662A8900EEC778 /* Accounts.framework in Frameworks */ = {isa = PBXBuildFile; fileRef = 0A8D2E9115662A8900EEC778 /* Accounts.framework */; };
/* End PBXBuildFile section */

/* Begin PBXFileReference section */
		0A0B6B6C1559E03700FE6264 /* 320x480-Splash-angry-01.png */ = {isa = PBXFileReference; lastKnownFileType = image.png; path = "320x480-Splash-angry-01.png"; sourceTree = "<group>"; };
		0A0B6B6D1559E03700FE6264 /* 320x480-Splash-angry-02.png */ = {isa = PBXFileReference; lastKnownFileType = image.png; path = "320x480-Splash-angry-02.png"; sourceTree = "<group>"; };
		0A0B6B6E1559E03700FE6264 /* 320x480-Splash-happy-01.png */ = {isa = PBXFileReference; lastKnownFileType = image.png; path = "320x480-Splash-happy-01.png"; sourceTree = "<group>"; };
		0A0B6B6F1559E03700FE6264 /* 320x480-Splash-happy-02.png */ = {isa = PBXFileReference; lastKnownFileType = image.png; path = "320x480-Splash-happy-02.png"; sourceTree = "<group>"; };
		0A0B6B701559E03700FE6264 /* 480x320-splash-angry-01.png */ = {isa = PBXFileReference; lastKnownFileType = image.png; path = "480x320-splash-angry-01.png"; sourceTree = "<group>"; };
		0A0B6B711559E03700FE6264 /* 480x320-splash-angry-02.png */ = {isa = PBXFileReference; lastKnownFileType = image.png; path = "480x320-splash-angry-02.png"; sourceTree = "<group>"; };
		0A0B6B721559E03700FE6264 /* 480x320-splash-happy-01.png */ = {isa = PBXFileReference; lastKnownFileType = image.png; path = "480x320-splash-happy-01.png"; sourceTree = "<group>"; };
		0A0B6B731559E03700FE6264 /* 480x320-splash-happy-02.png */ = {isa = PBXFileReference; lastKnownFileType = image.png; path = "480x320-splash-happy-02.png"; sourceTree = "<group>"; };
		0A0B6B741559E03700FE6264 /* Official-cocos2d-Icon-Angry.png */ = {isa = PBXFileReference; lastKnownFileType = image.png; path = "Official-cocos2d-Icon-Angry.png"; sourceTree = "<group>"; };
		0A0B6B751559E03700FE6264 /* Official-cocos2d-Icon-Happy.png */ = {isa = PBXFileReference; lastKnownFileType = image.png; path = "Official-cocos2d-Icon-Happy.png"; sourceTree = "<group>"; };
		0A0B6B761559E03700FE6264 /* Official-cocos2d-Logo-Landscape-Angry.png */ = {isa = PBXFileReference; lastKnownFileType = image.png; path = "Official-cocos2d-Logo-Landscape-Angry.png"; sourceTree = "<group>"; };
		0A0B6B771559E03700FE6264 /* Official-cocos2d-Logo-Landscape-Happy.png */ = {isa = PBXFileReference; lastKnownFileType = image.png; path = "Official-cocos2d-Logo-Landscape-Happy.png"; sourceTree = "<group>"; };
		0A0B6B781559E03700FE6264 /* Official-cocos2d-Logo-Portrait-Angry.png */ = {isa = PBXFileReference; lastKnownFileType = image.png; path = "Official-cocos2d-Logo-Portrait-Angry.png"; sourceTree = "<group>"; };
		0A0B6B791559E03700FE6264 /* Official-cocos2d-Logo-Portrait-Happy.png */ = {isa = PBXFileReference; lastKnownFileType = image.png; path = "Official-cocos2d-Logo-Portrait-Happy.png"; sourceTree = "<group>"; };
		0A0B6B7A1559E03700FE6264 /* Official-cocos2d-Tag.png */ = {isa = PBXFileReference; lastKnownFileType = image.png; path = "Official-cocos2d-Tag.png"; sourceTree = "<group>"; };
		0A0B6B7B1559E03700FE6264 /* README.txt */ = {isa = PBXFileReference; fileEncoding = 4; lastKnownFileType = text; path = README.txt; sourceTree = "<group>"; };
		0A0B6B7C1559E03700FE6264 /* sfchromefenders.ttf */ = {isa = PBXFileReference; lastKnownFileType = file; path = sfchromefenders.ttf; sourceTree = "<group>"; };
		0A0B6B7D1559E03700FE6264 /* Default.png */ = {isa = PBXFileReference; lastKnownFileType = image.png; path = Default.png; sourceTree = "<group>"; };
		0A0B6B7F1559E03700FE6264 /* Icon-72.png */ = {isa = PBXFileReference; lastKnownFileType = image.png; path = "Icon-72.png"; sourceTree = "<group>"; };
		0A0B6B801559E03700FE6264 /* Icon-Small-50.png */ = {isa = PBXFileReference; lastKnownFileType = image.png; path = "Icon-Small-50.png"; sourceTree = "<group>"; };
		0A0B6B811559E03700FE6264 /* Icon-Small.png */ = {isa = PBXFileReference; lastKnownFileType = image.png; path = "Icon-Small.png"; sourceTree = "<group>"; };
		0A0B6B821559E03700FE6264 /* Icon-Small@2x.png */ = {isa = PBXFileReference; lastKnownFileType = image.png; path = "Icon-Small@2x.png"; sourceTree = "<group>"; };
		0A0B6B831559E03700FE6264 /* Icon.png */ = {isa = PBXFileReference; lastKnownFileType = image.png; path = Icon.png; sourceTree = "<group>"; };
		0A0B6B841559E03700FE6264 /* Icon@2x.png */ = {isa = PBXFileReference; lastKnownFileType = image.png; path = "Icon@2x.png"; sourceTree = "<group>"; };
		0A0B6B851559E03700FE6264 /* Info.plist */ = {isa = PBXFileReference; fileEncoding = 4; lastKnownFileType = text.plist.xml; path = Info.plist; sourceTree = "<group>"; };
		0A0B6B861559E03700FE6264 /* InfoWithStatusBar.plist */ = {isa = PBXFileReference; fileEncoding = 4; lastKnownFileType = text.plist.xml; path = InfoWithStatusBar.plist; sourceTree = "<group>"; };
		0A0B6B871559E03700FE6264 /* iTunesArtwork */ = {isa = PBXFileReference; lastKnownFileType = file; path = iTunesArtwork; sourceTree = "<group>"; };
		0A0B6CFD1559F04500FE6264 /* bugs */ = {isa = PBXFileReference; lastKnownFileType = folder; name = bugs; path = "RenderTextureTest-Kamcord/Resources/Images/bugs"; sourceTree = SOURCE_ROOT; };
		0A0B6D5E1559F27800FE6264 /* b1-hd.png */ = {isa = PBXFileReference; lastKnownFileType = image.png; path = "b1-hd.png"; sourceTree = "<group>"; };
		0A0B6D5F1559F27800FE6264 /* b1.png */ = {isa = PBXFileReference; lastKnownFileType = image.png; path = b1.png; sourceTree = "<group>"; };
		0A0B6D601559F27800FE6264 /* b2-hd.png */ = {isa = PBXFileReference; lastKnownFileType = image.png; path = "b2-hd.png"; sourceTree = "<group>"; };
		0A0B6D611559F27800FE6264 /* b2.png */ = {isa = PBXFileReference; lastKnownFileType = image.png; path = b2.png; sourceTree = "<group>"; };
		0A0B6D621559F27800FE6264 /* background3.jpg */ = {isa = PBXFileReference; lastKnownFileType = image.jpeg; path = background3.jpg; sourceTree = "<group>"; };
		0A0B6D641559F27800FE6264 /* circle-hd.plist */ = {isa = PBXFileReference; fileEncoding = 4; lastKnownFileType = text.plist.xml; path = "circle-hd.plist"; sourceTree = "<group>"; };
		0A0B6D651559F27800FE6264 /* circle-hd.png */ = {isa = PBXFileReference; lastKnownFileType = image.png; path = "circle-hd.png"; sourceTree = "<group>"; };
		0A0B6D661559F27800FE6264 /* circle.plist */ = {isa = PBXFileReference; fileEncoding = 4; lastKnownFileType = text.plist.xml; path = circle.plist; sourceTree = "<group>"; };
		0A0B6D671559F27800FE6264 /* circle.png */ = {isa = PBXFileReference; lastKnownFileType = image.png; path = circle.png; sourceTree = "<group>"; };
		0A0B6D681559F27800FE6264 /* f1-hd.png */ = {isa = PBXFileReference; lastKnownFileType = image.png; path = "f1-hd.png"; sourceTree = "<group>"; };
		0A0B6D691559F27800FE6264 /* f1.png */ = {isa = PBXFileReference; lastKnownFileType = image.png; path = f1.png; sourceTree = "<group>"; };
		0A0B6D6A1559F27800FE6264 /* f2-hd.png */ = {isa = PBXFileReference; lastKnownFileType = image.png; path = "f2-hd.png"; sourceTree = "<group>"; };
		0A0B6D6B1559F27800FE6264 /* f2.png */ = {isa = PBXFileReference; lastKnownFileType = image.png; path = f2.png; sourceTree = "<group>"; };
		0A0B6D6C1559F27800FE6264 /* fire-grayscale.png */ = {isa = PBXFileReference; lastKnownFileType = image.png; path = "fire-grayscale.png"; sourceTree = "<group>"; };
		0A0B6D6D1559F27800FE6264 /* fire.png */ = {isa = PBXFileReference; lastKnownFileType = image.png; path = fire.png; sourceTree = "<group>"; };
		0A0B6D6E1559F27800FE6264 /* fire.pvr */ = {isa = PBXFileReference; lastKnownFileType = file; path = fire.pvr; sourceTree = "<group>"; };
		0A0B6D6F1559F27800FE6264 /* fire_rgba8888.pvr */ = {isa = PBXFileReference; lastKnownFileType = file; path = fire_rgba8888.pvr; sourceTree = "<group>"; };
		0A0B6D701559F27800FE6264 /* fps_images-hd.png */ = {isa = PBXFileReference; lastKnownFileType = image.png; path = "fps_images-hd.png"; sourceTree = "<group>"; };
		0A0B6D711559F27800FE6264 /* fps_images.png */ = {isa = PBXFileReference; lastKnownFileType = image.png; path = fps_images.png; sourceTree = "<group>"; };
		0A0B6D721559F27800FE6264 /* powered.png */ = {isa = PBXFileReference; lastKnownFileType = image.png; path = powered.png; sourceTree = "<group>"; };
		0A0B6D731559F27800FE6264 /* r1-hd.png */ = {isa = PBXFileReference; lastKnownFileType = image.png; path = "r1-hd.png"; sourceTree = "<group>"; };
		0A0B6D741559F27800FE6264 /* r1.png */ = {isa = PBXFileReference; lastKnownFileType = image.png; path = r1.png; sourceTree = "<group>"; };
		0A0B6D751559F27800FE6264 /* r2-hd.png */ = {isa = PBXFileReference; lastKnownFileType = image.png; path = "r2-hd.png"; sourceTree = "<group>"; };
		0A0B6D761559F27800FE6264 /* r2.png */ = {isa = PBXFileReference; lastKnownFileType = image.png; path = r2.png; sourceTree = "<group>"; };
		0A0B6D771559F27800FE6264 /* test_image.gif */ = {isa = PBXFileReference; lastKnownFileType = image.gif; path = test_image.gif; sourceTree = "<group>"; };
		0A0B6D781559F27800FE6264 /* test_image.jpeg */ = {isa = PBXFileReference; lastKnownFileType = image.jpeg; path = test_image.jpeg; sourceTree = "<group>"; };
		0A0B6DA5155A529100FE6264 /* cocos2d-kamcord.framework */ = {isa = PBXFileReference; lastKnownFileType = wrapper.framework; name = "cocos2d-kamcord.framework"; path = "../../cocos2d-kamcord.framework"; sourceTree = "<group>"; };
		0A7B4B45155899C70098BD0D /* RenderTextureTest-Kamcord.app */ = {isa = PBXFileReference; explicitFileType = wrapper.application; includeInIndex = 0; path = "RenderTextureTest-Kamcord.app"; sourceTree = BUILT_PRODUCTS_DIR; };
		0A7B4B49155899C70098BD0D /* UIKit.framework */ = {isa = PBXFileReference; lastKnownFileType = wrapper.framework; name = UIKit.framework; path = System/Library/Frameworks/UIKit.framework; sourceTree = SDKROOT; };
		0A7B4B4B155899C70098BD0D /* Foundation.framework */ = {isa = PBXFileReference; lastKnownFileType = wrapper.framework; name = Foundation.framework; path = System/Library/Frameworks/Foundation.framework; sourceTree = SDKROOT; };
		0A7B4B4D155899C70098BD0D /* CoreGraphics.framework */ = {isa = PBXFileReference; lastKnownFileType = wrapper.framework; name = CoreGraphics.framework; path = System/Library/Frameworks/CoreGraphics.framework; sourceTree = SDKROOT; };
		0A7B4B51155899C70098BD0D /* RenderTextureTest-Kamcord-Info.plist */ = {isa = PBXFileReference; lastKnownFileType = text.plist.xml; path = "RenderTextureTest-Kamcord-Info.plist"; sourceTree = "<group>"; };
		0A7B4B53155899C70098BD0D /* en */ = {isa = PBXFileReference; lastKnownFileType = text.plist.strings; name = en; path = en.lproj/InfoPlist.strings; sourceTree = "<group>"; };
		0A7B4B55155899C70098BD0D /* main.m */ = {isa = PBXFileReference; lastKnownFileType = sourcecode.c.objc; path = main.m; sourceTree = "<group>"; };
		0A7B4B57155899C70098BD0D /* RenderTextureTest-Kamcord-Prefix.pch */ = {isa = PBXFileReference; lastKnownFileType = sourcecode.c.h; path = "RenderTextureTest-Kamcord-Prefix.pch"; sourceTree = "<group>"; };
		0A7B4B58155899C70098BD0D /* RenderTextureTest_KamcordAppDelegate.h */ = {isa = PBXFileReference; lastKnownFileType = sourcecode.c.h; path = RenderTextureTest_KamcordAppDelegate.h; sourceTree = "<group>"; };
		0A7B4B59155899C70098BD0D /* RenderTextureTest_KamcordAppDelegate.m */ = {isa = PBXFileReference; lastKnownFileType = sourcecode.c.objc; path = RenderTextureTest_KamcordAppDelegate.m; sourceTree = "<group>"; };
		0A7B4B6515589B880098BD0D /* RenderTextureTest.h */ = {isa = PBXFileReference; lastKnownFileType = sourcecode.c.h; path = RenderTextureTest.h; sourceTree = "<group>"; };
		0A7B4B6615589B880098BD0D /* RenderTextureTest.m */ = {isa = PBXFileReference; lastKnownFileType = sourcecode.c.objc; path = RenderTextureTest.m; sourceTree = "<group>"; };
		0A7B4E601558E4C70098BD0D /* AssetsLibrary.framework */ = {isa = PBXFileReference; lastKnownFileType = wrapper.framework; name = AssetsLibrary.framework; path = System/Library/Frameworks/AssetsLibrary.framework; sourceTree = SDKROOT; };
		0A7B4E621558E4CC0098BD0D /* AVFoundation.framework */ = {isa = PBXFileReference; lastKnownFileType = wrapper.framework; name = AVFoundation.framework; path = System/Library/Frameworks/AVFoundation.framework; sourceTree = SDKROOT; };
		0A7B4E641558E4D40098BD0D /* CoreMedia.framework */ = {isa = PBXFileReference; lastKnownFileType = wrapper.framework; name = CoreMedia.framework; path = System/Library/Frameworks/CoreMedia.framework; sourceTree = SDKROOT; };
		0A7B4E661558E4F00098BD0D /* OpenGLES.framework */ = {isa = PBXFileReference; lastKnownFileType = wrapper.framework; name = OpenGLES.framework; path = System/Library/Frameworks/OpenGLES.framework; sourceTree = SDKROOT; };
		0A7B4E681558E4F50098BD0D /* SystemConfiguration.framework */ = {isa = PBXFileReference; lastKnownFileType = wrapper.framework; name = SystemConfiguration.framework; path = System/Library/Frameworks/SystemConfiguration.framework; sourceTree = SDKROOT; };
		0A7B4E6A1558E4F90098BD0D /* Security.framework */ = {isa = PBXFileReference; lastKnownFileType = wrapper.framework; name = Security.framework; path = System/Library/Frameworks/Security.framework; sourceTree = SDKROOT; };
		0A7B4E6C1558E5040098BD0D /* CoreVideo.framework */ = {isa = PBXFileReference; lastKnownFileType = wrapper.framework; name = CoreVideo.framework; path = System/Library/Frameworks/CoreVideo.framework; sourceTree = SDKROOT; };
		0A7B4E6E1558E5100098BD0D /* MessageUI.framework */ = {isa = PBXFileReference; lastKnownFileType = wrapper.framework; name = MessageUI.framework; path = System/Library/Frameworks/MessageUI.framework; sourceTree = SDKROOT; };
		0A7B4E701558E5620098BD0D /* MediaPlayer.framework */ = {isa = PBXFileReference; lastKnownFileType = wrapper.framework; name = MediaPlayer.framework; path = System/Library/Frameworks/MediaPlayer.framework; sourceTree = SDKROOT; };
		0A7B4E721558E5670098BD0D /* Twitter.framework */ = {isa = PBXFileReference; lastKnownFileType = wrapper.framework; name = Twitter.framework; path = System/Library/Frameworks/Twitter.framework; sourceTree = SDKROOT; };
		0A7B4E741558E5AC0098BD0D /* QuartzCore.framework */ = {isa = PBXFileReference; lastKnownFileType = wrapper.framework; name = QuartzCore.framework; path = System/Library/Frameworks/QuartzCore.framework; sourceTree = SDKROOT; };
		0A7B4E761558E5D50098BD0D /* libz.dylib */ = {isa = PBXFileReference; lastKnownFileType = "compiled.mach-o.dylib"; name = libz.dylib; path = usr/lib/libz.dylib; sourceTree = SDKROOT; };
		0A8D2DAF1566293700EEC778 /* email_icon_gray.png */ = {isa = PBXFileReference; lastKnownFileType = image.png; name = email_icon_gray.png; path = "../../../../Library/Developer/Xcode/DerivedData/cocos2d-ios-dqvvffhkcaqhkrbpjhuufyvugjau/Build/Products/Debug-iphoneos/cocos2d-kamcord.embeddedframework/Resources/email_icon_gray.png"; sourceTree = "<group>"; };
		0A8D2DB01566293700EEC778 /* email_icon.png */ = {isa = PBXFileReference; lastKnownFileType = image.png; name = email_icon.png; path = "../../../../Library/Developer/Xcode/DerivedData/cocos2d-ios-dqvvffhkcaqhkrbpjhuufyvugjau/Build/Products/Debug-iphoneos/cocos2d-kamcord.embeddedframework/Resources/email_icon.png"; sourceTree = "<group>"; };
		0A8D2DB11566293700EEC778 /* f_logo_gray_small.png */ = {isa = PBXFileReference; lastKnownFileType = image.png; name = f_logo_gray_small.png; path = "../../../../Library/Developer/Xcode/DerivedData/cocos2d-ios-dqvvffhkcaqhkrbpjhuufyvugjau/Build/Products/Debug-iphoneos/cocos2d-kamcord.embeddedframework/Resources/f_logo_gray_small.png"; sourceTree = "<group>"; };
		0A8D2DB21566293700EEC778 /* f_logo.png */ = {isa = PBXFileReference; lastKnownFileType = image.png; name = f_logo.png; path = "../../../../Library/Developer/Xcode/DerivedData/cocos2d-ios-dqvvffhkcaqhkrbpjhuufyvugjau/Build/Products/Debug-iphoneos/cocos2d-kamcord.embeddedframework/Resources/f_logo.png"; sourceTree = "<group>"; };
		0A8D2DB31566293700EEC778 /* KamcordStoryboard_iPad.storyboardc */ = {isa = PBXFileReference; fileEncoding = 4; lastKnownFileType = wrapper.storyboardc; name = KamcordStoryboard_iPad.storyboardc; path = "../../../../Library/Developer/Xcode/DerivedData/cocos2d-ios-dqvvffhkcaqhkrbpjhuufyvugjau/Build/Products/Debug-iphoneos/cocos2d-kamcord.embeddedframework/Resources/KamcordStoryboard_iPad.storyboardc"; sourceTree = "<group>"; };
		0A8D2DB41566293700EEC778 /* KamcordStoryboard_iPhone_Portrait.storyboardc */ = {isa = PBXFileReference; fileEncoding = 4; lastKnownFileType = wrapper.storyboardc; name = KamcordStoryboard_iPhone_Portrait.storyboardc; path = "../../../../Library/Developer/Xcode/DerivedData/cocos2d-ios-dqvvffhkcaqhkrbpjhuufyvugjau/Build/Products/Debug-iphoneos/cocos2d-kamcord.embeddedframework/Resources/KamcordStoryboard_iPhone_Portrait.storyboardc"; sourceTree = "<group>"; };
		0A8D2DB51566293700EEC778 /* KamcordStoryboard_iPhone.storyboardc */ = {isa = PBXFileReference; fileEncoding = 4; lastKnownFileType = wrapper.storyboardc; name = KamcordStoryboard_iPhone.storyboardc; path = "../../../../Library/Developer/Xcode/DerivedData/cocos2d-ios-dqvvffhkcaqhkrbpjhuufyvugjau/Build/Products/Debug-iphoneos/cocos2d-kamcord.embeddedframework/Resources/KamcordStoryboard_iPhone.storyboardc"; sourceTree = "<group>"; };
		0A8D2DB61566293700EEC778 /* ShareKit.bundle */ = {isa = PBXFileReference; lastKnownFileType = "wrapper.plug-in"; name = ShareKit.bundle; path = "../../../../Library/Developer/Xcode/DerivedData/cocos2d-ios-dqvvffhkcaqhkrbpjhuufyvugjau/Build/Products/Debug-iphoneos/cocos2d-kamcord.embeddedframework/Resources/ShareKit.bundle"; sourceTree = "<group>"; };
		0A8D2DB71566293700EEC778 /* SHKSharers.plist */ = {isa = PBXFileReference; lastKnownFileType = file.bplist; name = SHKSharers.plist; path = "../../../../Library/Developer/Xcode/DerivedData/cocos2d-ios-dqvvffhkcaqhkrbpjhuufyvugjau/Build/Products/Debug-iphoneos/cocos2d-kamcord.embeddedframework/Resources/SHKSharers.plist"; sourceTree = "<group>"; };
		0A8D2DB81566293700EEC778 /* twitter_logo_gray_small.png */ = {isa = PBXFileReference; lastKnownFileType = image.png; name = twitter_logo_gray_small.png; path = "../../../../Library/Developer/Xcode/DerivedData/cocos2d-ios-dqvvffhkcaqhkrbpjhuufyvugjau/Build/Products/Debug-iphoneos/cocos2d-kamcord.embeddedframework/Resources/twitter_logo_gray_small.png"; sourceTree = "<group>"; };
		0A8D2DB91566293700EEC778 /* twitter_logo.png */ = {isa = PBXFileReference; lastKnownFileType = image.png; name = twitter_logo.png; path = "../../../../Library/Developer/Xcode/DerivedData/cocos2d-ios-dqvvffhkcaqhkrbpjhuufyvugjau/Build/Products/Debug-iphoneos/cocos2d-kamcord.embeddedframework/Resources/twitter_logo.png"; sourceTree = "<group>"; };
		0A8D2DC61566296D00EEC778 /* CCAction.h */ = {isa = PBXFileReference; fileEncoding = 4; lastKnownFileType = sourcecode.c.h; path = CCAction.h; sourceTree = "<group>"; };
		0A8D2DC71566296D00EEC778 /* CCActionCamera.h */ = {isa = PBXFileReference; fileEncoding = 4; lastKnownFileType = sourcecode.c.h; path = CCActionCamera.h; sourceTree = "<group>"; };
		0A8D2DC81566296D00EEC778 /* CCActionEase.h */ = {isa = PBXFileReference; fileEncoding = 4; lastKnownFileType = sourcecode.c.h; path = CCActionEase.h; sourceTree = "<group>"; };
		0A8D2DC91566296D00EEC778 /* CCActionGrid.h */ = {isa = PBXFileReference; fileEncoding = 4; lastKnownFileType = sourcecode.c.h; path = CCActionGrid.h; sourceTree = "<group>"; };
		0A8D2DCA1566296D00EEC778 /* CCActionGrid3D.h */ = {isa = PBXFileReference; fileEncoding = 4; lastKnownFileType = sourcecode.c.h; path = CCActionGrid3D.h; sourceTree = "<group>"; };
		0A8D2DCB1566296D00EEC778 /* CCActionInstant.h */ = {isa = PBXFileReference; fileEncoding = 4; lastKnownFileType = sourcecode.c.h; path = CCActionInstant.h; sourceTree = "<group>"; };
		0A8D2DCC1566296D00EEC778 /* CCActionInterval.h */ = {isa = PBXFileReference; fileEncoding = 4; lastKnownFileType = sourcecode.c.h; path = CCActionInterval.h; sourceTree = "<group>"; };
		0A8D2DCD1566296D00EEC778 /* CCActionManager.h */ = {isa = PBXFileReference; fileEncoding = 4; lastKnownFileType = sourcecode.c.h; path = CCActionManager.h; sourceTree = "<group>"; };
		0A8D2DCE1566296D00EEC778 /* CCActionPageTurn3D.h */ = {isa = PBXFileReference; fileEncoding = 4; lastKnownFileType = sourcecode.c.h; path = CCActionPageTurn3D.h; sourceTree = "<group>"; };
		0A8D2DCF1566296D00EEC778 /* CCActionProgressTimer.h */ = {isa = PBXFileReference; fileEncoding = 4; lastKnownFileType = sourcecode.c.h; path = CCActionProgressTimer.h; sourceTree = "<group>"; };
		0A8D2DD01566296D00EEC778 /* CCActionTiledGrid.h */ = {isa = PBXFileReference; fileEncoding = 4; lastKnownFileType = sourcecode.c.h; path = CCActionTiledGrid.h; sourceTree = "<group>"; };
		0A8D2DD11566296D00EEC778 /* CCActionTween.h */ = {isa = PBXFileReference; fileEncoding = 4; lastKnownFileType = sourcecode.c.h; path = CCActionTween.h; sourceTree = "<group>"; };
		0A8D2DD21566296D00EEC778 /* CCAnimation.h */ = {isa = PBXFileReference; fileEncoding = 4; lastKnownFileType = sourcecode.c.h; path = CCAnimation.h; sourceTree = "<group>"; };
		0A8D2DD31566296D00EEC778 /* CCAnimationCache.h */ = {isa = PBXFileReference; fileEncoding = 4; lastKnownFileType = sourcecode.c.h; path = CCAnimationCache.h; sourceTree = "<group>"; };
		0A8D2DD41566296D00EEC778 /* CCAtlasNode.h */ = {isa = PBXFileReference; fileEncoding = 4; lastKnownFileType = sourcecode.c.h; path = CCAtlasNode.h; sourceTree = "<group>"; };
		0A8D2DD51566296D00EEC778 /* CCBlockSupport.h */ = {isa = PBXFileReference; fileEncoding = 4; lastKnownFileType = sourcecode.c.h; path = CCBlockSupport.h; sourceTree = "<group>"; };
		0A8D2DD61566296D00EEC778 /* CCCamera.h */ = {isa = PBXFileReference; fileEncoding = 4; lastKnownFileType = sourcecode.c.h; path = CCCamera.h; sourceTree = "<group>"; };
		0A8D2DD71566296D00EEC778 /* ccConfig.h */ = {isa = PBXFileReference; fileEncoding = 4; lastKnownFileType = sourcecode.c.h; path = ccConfig.h; sourceTree = "<group>"; };
		0A8D2DD81566296D00EEC778 /* CCConfiguration.h */ = {isa = PBXFileReference; fileEncoding = 4; lastKnownFileType = sourcecode.c.h; path = CCConfiguration.h; sourceTree = "<group>"; };
		0A8D2DD91566296D00EEC778 /* CCDirector.h */ = {isa = PBXFileReference; fileEncoding = 4; lastKnownFileType = sourcecode.c.h; path = CCDirector.h; sourceTree = "<group>"; };
		0A8D2DDA1566296D00EEC778 /* CCDrawingPrimitives.h */ = {isa = PBXFileReference; fileEncoding = 4; lastKnownFileType = sourcecode.c.h; path = CCDrawingPrimitives.h; sourceTree = "<group>"; };
		0A8D2DDB1566296D00EEC778 /* CCGrabber.h */ = {isa = PBXFileReference; fileEncoding = 4; lastKnownFileType = sourcecode.c.h; path = CCGrabber.h; sourceTree = "<group>"; };
		0A8D2DDC1566296D00EEC778 /* CCGrid.h */ = {isa = PBXFileReference; fileEncoding = 4; lastKnownFileType = sourcecode.c.h; path = CCGrid.h; sourceTree = "<group>"; };
		0A8D2DDD1566296D00EEC778 /* CCLabelAtlas.h */ = {isa = PBXFileReference; fileEncoding = 4; lastKnownFileType = sourcecode.c.h; path = CCLabelAtlas.h; sourceTree = "<group>"; };
		0A8D2DDE1566296D00EEC778 /* CCLabelBMFont.h */ = {isa = PBXFileReference; fileEncoding = 4; lastKnownFileType = sourcecode.c.h; path = CCLabelBMFont.h; sourceTree = "<group>"; };
		0A8D2DDF1566296D00EEC778 /* CCLabelTTF.h */ = {isa = PBXFileReference; fileEncoding = 4; lastKnownFileType = sourcecode.c.h; path = CCLabelTTF.h; sourceTree = "<group>"; };
		0A8D2DE01566296D00EEC778 /* CCLayer.h */ = {isa = PBXFileReference; fileEncoding = 4; lastKnownFileType = sourcecode.c.h; path = CCLayer.h; sourceTree = "<group>"; };
		0A8D2DE11566296D00EEC778 /* ccMacros.h */ = {isa = PBXFileReference; fileEncoding = 4; lastKnownFileType = sourcecode.c.h; path = ccMacros.h; sourceTree = "<group>"; };
		0A8D2DE21566296D00EEC778 /* CCMenu.h */ = {isa = PBXFileReference; fileEncoding = 4; lastKnownFileType = sourcecode.c.h; path = CCMenu.h; sourceTree = "<group>"; };
		0A8D2DE31566296D00EEC778 /* CCMenuItem.h */ = {isa = PBXFileReference; fileEncoding = 4; lastKnownFileType = sourcecode.c.h; path = CCMenuItem.h; sourceTree = "<group>"; };
		0A8D2DE41566296D00EEC778 /* CCMotionStreak.h */ = {isa = PBXFileReference; fileEncoding = 4; lastKnownFileType = sourcecode.c.h; path = CCMotionStreak.h; sourceTree = "<group>"; };
		0A8D2DE51566296D00EEC778 /* CCNode.h */ = {isa = PBXFileReference; fileEncoding = 4; lastKnownFileType = sourcecode.c.h; path = CCNode.h; sourceTree = "<group>"; };
		0A8D2DE61566296D00EEC778 /* CCParallaxNode.h */ = {isa = PBXFileReference; fileEncoding = 4; lastKnownFileType = sourcecode.c.h; path = CCParallaxNode.h; sourceTree = "<group>"; };
		0A8D2DE71566296D00EEC778 /* CCParticleExamples.h */ = {isa = PBXFileReference; fileEncoding = 4; lastKnownFileType = sourcecode.c.h; path = CCParticleExamples.h; sourceTree = "<group>"; };
		0A8D2DE81566296D00EEC778 /* CCParticleSystem.h */ = {isa = PBXFileReference; fileEncoding = 4; lastKnownFileType = sourcecode.c.h; path = CCParticleSystem.h; sourceTree = "<group>"; };
		0A8D2DE91566296D00EEC778 /* CCParticleSystemPoint.h */ = {isa = PBXFileReference; fileEncoding = 4; lastKnownFileType = sourcecode.c.h; path = CCParticleSystemPoint.h; sourceTree = "<group>"; };
		0A8D2DEA1566296D00EEC778 /* CCParticleSystemQuad.h */ = {isa = PBXFileReference; fileEncoding = 4; lastKnownFileType = sourcecode.c.h; path = CCParticleSystemQuad.h; sourceTree = "<group>"; };
		0A8D2DEB1566296D00EEC778 /* CCProgressTimer.h */ = {isa = PBXFileReference; fileEncoding = 4; lastKnownFileType = sourcecode.c.h; path = CCProgressTimer.h; sourceTree = "<group>"; };
		0A8D2DEC1566296D00EEC778 /* CCProtocols.h */ = {isa = PBXFileReference; fileEncoding = 4; lastKnownFileType = sourcecode.c.h; path = CCProtocols.h; sourceTree = "<group>"; };
		0A8D2DED1566296D00EEC778 /* CCRenderTexture.h */ = {isa = PBXFileReference; fileEncoding = 4; lastKnownFileType = sourcecode.c.h; path = CCRenderTexture.h; sourceTree = "<group>"; };
		0A8D2DEE1566296D00EEC778 /* CCRibbon.h */ = {isa = PBXFileReference; fileEncoding = 4; lastKnownFileType = sourcecode.c.h; path = CCRibbon.h; sourceTree = "<group>"; };
		0A8D2DEF1566296D00EEC778 /* CCScene.h */ = {isa = PBXFileReference; fileEncoding = 4; lastKnownFileType = sourcecode.c.h; path = CCScene.h; sourceTree = "<group>"; };
		0A8D2DF01566296D00EEC778 /* CCScheduler.h */ = {isa = PBXFileReference; fileEncoding = 4; lastKnownFileType = sourcecode.c.h; path = CCScheduler.h; sourceTree = "<group>"; };
		0A8D2DF11566296D00EEC778 /* CCSprite.h */ = {isa = PBXFileReference; fileEncoding = 4; lastKnownFileType = sourcecode.c.h; path = CCSprite.h; sourceTree = "<group>"; };
		0A8D2DF21566296D00EEC778 /* CCSpriteBatchNode.h */ = {isa = PBXFileReference; fileEncoding = 4; lastKnownFileType = sourcecode.c.h; path = CCSpriteBatchNode.h; sourceTree = "<group>"; };
		0A8D2DF31566296D00EEC778 /* CCSpriteFrame.h */ = {isa = PBXFileReference; fileEncoding = 4; lastKnownFileType = sourcecode.c.h; path = CCSpriteFrame.h; sourceTree = "<group>"; };
		0A8D2DF41566296D00EEC778 /* CCSpriteFrameCache.h */ = {isa = PBXFileReference; fileEncoding = 4; lastKnownFileType = sourcecode.c.h; path = CCSpriteFrameCache.h; sourceTree = "<group>"; };
		0A8D2DF51566296D00EEC778 /* CCTexture2D.h */ = {isa = PBXFileReference; fileEncoding = 4; lastKnownFileType = sourcecode.c.h; path = CCTexture2D.h; sourceTree = "<group>"; };
		0A8D2DF61566296D00EEC778 /* CCTextureAtlas.h */ = {isa = PBXFileReference; fileEncoding = 4; lastKnownFileType = sourcecode.c.h; path = CCTextureAtlas.h; sourceTree = "<group>"; };
		0A8D2DF71566296D00EEC778 /* CCTextureCache.h */ = {isa = PBXFileReference; fileEncoding = 4; lastKnownFileType = sourcecode.c.h; path = CCTextureCache.h; sourceTree = "<group>"; };
		0A8D2DF81566296D00EEC778 /* CCTexturePVR.h */ = {isa = PBXFileReference; fileEncoding = 4; lastKnownFileType = sourcecode.c.h; path = CCTexturePVR.h; sourceTree = "<group>"; };
		0A8D2DF91566296D00EEC778 /* CCTileMapAtlas.h */ = {isa = PBXFileReference; fileEncoding = 4; lastKnownFileType = sourcecode.c.h; path = CCTileMapAtlas.h; sourceTree = "<group>"; };
		0A8D2DFA1566296D00EEC778 /* CCTMXLayer.h */ = {isa = PBXFileReference; fileEncoding = 4; lastKnownFileType = sourcecode.c.h; path = CCTMXLayer.h; sourceTree = "<group>"; };
		0A8D2DFB1566296D00EEC778 /* CCTMXObjectGroup.h */ = {isa = PBXFileReference; fileEncoding = 4; lastKnownFileType = sourcecode.c.h; path = CCTMXObjectGroup.h; sourceTree = "<group>"; };
		0A8D2DFC1566296D00EEC778 /* CCTMXTiledMap.h */ = {isa = PBXFileReference; fileEncoding = 4; lastKnownFileType = sourcecode.c.h; path = CCTMXTiledMap.h; sourceTree = "<group>"; };
		0A8D2DFD1566296D00EEC778 /* CCTMXXMLParser.h */ = {isa = PBXFileReference; fileEncoding = 4; lastKnownFileType = sourcecode.c.h; path = CCTMXXMLParser.h; sourceTree = "<group>"; };
		0A8D2DFE1566296D00EEC778 /* CCTransition.h */ = {isa = PBXFileReference; fileEncoding = 4; lastKnownFileType = sourcecode.c.h; path = CCTransition.h; sourceTree = "<group>"; };
		0A8D2DFF1566296D00EEC778 /* CCTransitionPageTurn.h */ = {isa = PBXFileReference; fileEncoding = 4; lastKnownFileType = sourcecode.c.h; path = CCTransitionPageTurn.h; sourceTree = "<group>"; };
		0A8D2E001566296D00EEC778 /* CCTransitionRadial.h */ = {isa = PBXFileReference; fileEncoding = 4; lastKnownFileType = sourcecode.c.h; path = CCTransitionRadial.h; sourceTree = "<group>"; };
		0A8D2E011566296D00EEC778 /* ccTypes.h */ = {isa = PBXFileReference; fileEncoding = 4; lastKnownFileType = sourcecode.c.h; path = ccTypes.h; sourceTree = "<group>"; };
		0A8D2E021566296D00EEC778 /* cocos2d.h */ = {isa = PBXFileReference; fileEncoding = 4; lastKnownFileType = sourcecode.c.h; path = cocos2d.h; sourceTree = "<group>"; };
		0A8D2E051566296D00EEC778 /* AmazonClientManager.h */ = {isa = PBXFileReference; fileEncoding = 4; lastKnownFileType = sourcecode.c.h; path = AmazonClientManager.h; sourceTree = "<group>"; };
		0A8D2E061566296D00EEC778 /* Constants.h */ = {isa = PBXFileReference; fileEncoding = 4; lastKnownFileType = sourcecode.c.h; path = Constants.h; sourceTree = "<group>"; };
		0A8D2E081566296D00EEC778 /* AmazonKeyChainWrapper.h */ = {isa = PBXFileReference; fileEncoding = 4; lastKnownFileType = sourcecode.c.h; path = AmazonKeyChainWrapper.h; sourceTree = "<group>"; };
		0A8D2E091566296D00EEC778 /* AmazonTVMClient.h */ = {isa = PBXFileReference; fileEncoding = 4; lastKnownFileType = sourcecode.c.h; path = AmazonTVMClient.h; sourceTree = "<group>"; };
		0A8D2E0A1566296D00EEC778 /* Crypto.h */ = {isa = PBXFileReference; fileEncoding = 4; lastKnownFileType = sourcecode.c.h; path = Crypto.h; sourceTree = "<group>"; };
		0A8D2E0B1566296D00EEC778 /* GetTokenRequest.h */ = {isa = PBXFileReference; fileEncoding = 4; lastKnownFileType = sourcecode.c.h; path = GetTokenRequest.h; sourceTree = "<group>"; };
		0A8D2E0C1566296D00EEC778 /* GetTokenResponse.h */ = {isa = PBXFileReference; fileEncoding = 4; lastKnownFileType = sourcecode.c.h; path = GetTokenResponse.h; sourceTree = "<group>"; };
		0A8D2E0D1566296D00EEC778 /* GetTokenResponseHandler.h */ = {isa = PBXFileReference; fileEncoding = 4; lastKnownFileType = sourcecode.c.h; path = GetTokenResponseHandler.h; sourceTree = "<group>"; };
		0A8D2E0E1566296D00EEC778 /* JSONUtilities.h */ = {isa = PBXFileReference; fileEncoding = 4; lastKnownFileType = sourcecode.c.h; path = JSONUtilities.h; sourceTree = "<group>"; };
		0A8D2E0F1566296D00EEC778 /* RegisterDeviceRequest.h */ = {isa = PBXFileReference; fileEncoding = 4; lastKnownFileType = sourcecode.c.h; path = RegisterDeviceRequest.h; sourceTree = "<group>"; };
		0A8D2E101566296D00EEC778 /* Request.h */ = {isa = PBXFileReference; fileEncoding = 4; lastKnownFileType = sourcecode.c.h; path = Request.h; sourceTree = "<group>"; };
		0A8D2E111566296D00EEC778 /* RequestDelegate.h */ = {isa = PBXFileReference; fileEncoding = 4; lastKnownFileType = sourcecode.c.h; path = RequestDelegate.h; sourceTree = "<group>"; };
		0A8D2E121566296D00EEC778 /* Response.h */ = {isa = PBXFileReference; fileEncoding = 4; lastKnownFileType = sourcecode.c.h; path = Response.h; sourceTree = "<group>"; };
		0A8D2E131566296D00EEC778 /* ResponseHandler.h */ = {isa = PBXFileReference; fileEncoding = 4; lastKnownFileType = sourcecode.c.h; path = ResponseHandler.h; sourceTree = "<group>"; };
		0A8D2E151566296D00EEC778 /* FlurryAnalytics.h */ = {isa = PBXFileReference; fileEncoding = 4; lastKnownFileType = sourcecode.c.h; path = FlurryAnalytics.h; sourceTree = "<group>"; };
		0A8D2E161566296D00EEC778 /* KCManager.h */ = {isa = PBXFileReference; fileEncoding = 4; lastKnownFileType = sourcecode.c.h; path = KCManager.h; sourceTree = "<group>"; };
		0A8D2E171566296D00EEC778 /* KCSHKConfigurator.h */ = {isa = PBXFileReference; fileEncoding = 4; lastKnownFileType = sourcecode.c.h; path = KCSHKConfigurator.h; sourceTree = "<group>"; };
		0A8D2E181566296D00EEC778 /* KCVideoReplayCreator.h */ = {isa = PBXFileReference; fileEncoding = 4; lastKnownFileType = sourcecode.c.h; path = KCVideoReplayCreator.h; sourceTree = "<group>"; };
		0A8D2E191566296D00EEC778 /* KCVideoUpdateReceiver.h */ = {isa = PBXFileReference; fileEncoding = 4; lastKnownFileType = sourcecode.c.h; path = KCVideoUpdateReceiver.h; sourceTree = "<group>"; };
		0A8D2E1A1566296D00EEC778 /* KCVideoWriter.h */ = {isa = PBXFileReference; fileEncoding = 4; lastKnownFileType = sourcecode.c.h; path = KCVideoWriter.h; sourceTree = "<group>"; };
		0A8D2E1B1566296D00EEC778 /* KCYouTubeUploader.h */ = {isa = PBXFileReference; fileEncoding = 4; lastKnownFileType = sourcecode.c.h; path = KCYouTubeUploader.h; sourceTree = "<group>"; };
		0A8D2E1F1566296D00EEC778 /* NSData+md5.h */ = {isa = PBXFileReference; fileEncoding = 4; lastKnownFileType = sourcecode.c.h; path = "NSData+md5.h"; sourceTree = "<group>"; };
		0A8D2E201566296D00EEC778 /* NSHTTPCookieStorage+DeleteForURL.h */ = {isa = PBXFileReference; fileEncoding = 4; lastKnownFileType = sourcecode.c.h; path = "NSHTTPCookieStorage+DeleteForURL.h"; sourceTree = "<group>"; };
		0A8D2E211566296D00EEC778 /* NSMutableDictionary+NSNullsToEmptyStrings.h */ = {isa = PBXFileReference; fileEncoding = 4; lastKnownFileType = sourcecode.c.h; path = "NSMutableDictionary+NSNullsToEmptyStrings.h"; sourceTree = "<group>"; };
		0A8D2E221566296D00EEC778 /* UIWebView+SHK.h */ = {isa = PBXFileReference; fileEncoding = 4; lastKnownFileType = sourcecode.c.h; path = "UIWebView+SHK.h"; sourceTree = "<group>"; };
		0A8D2E251566296D00EEC778 /* JSONKit.h */ = {isa = PBXFileReference; fileEncoding = 4; lastKnownFileType = sourcecode.c.h; path = JSONKit.h; sourceTree = "<group>"; };
		0A8D2E271566296D00EEC778 /* SSKeychain.h */ = {isa = PBXFileReference; fileEncoding = 4; lastKnownFileType = sourcecode.c.h; path = SSKeychain.h; sourceTree = "<group>"; };
		0A8D2E2A1566296D00EEC778 /* NSMutableURLRequest+Parameters.h */ = {isa = PBXFileReference; fileEncoding = 4; lastKnownFileType = sourcecode.c.h; path = "NSMutableURLRequest+Parameters.h"; sourceTree = "<group>"; };
		0A8D2E2B1566296D00EEC778 /* NSString+URLEncoding.h */ = {isa = PBXFileReference; fileEncoding = 4; lastKnownFileType = sourcecode.c.h; path = "NSString+URLEncoding.h"; sourceTree = "<group>"; };
		0A8D2E2C1566296D00EEC778 /* NSURL+Base.h */ = {isa = PBXFileReference; fileEncoding = 4; lastKnownFileType = sourcecode.c.h; path = "NSURL+Base.h"; sourceTree = "<group>"; };
		0A8D2E2E1566296D00EEC778 /* Base64Transcoder.h */ = {isa = PBXFileReference; fileEncoding = 4; lastKnownFileType = sourcecode.c.h; path = Base64Transcoder.h; sourceTree = "<group>"; };
		0A8D2E2F1566296D00EEC778 /* hmac.h */ = {isa = PBXFileReference; fileEncoding = 4; lastKnownFileType = sourcecode.c.h; path = hmac.h; sourceTree = "<group>"; };
		0A8D2E301566296D00EEC778 /* sha1.h */ = {isa = PBXFileReference; fileEncoding = 4; lastKnownFileType = sourcecode.c.h; path = sha1.h; sourceTree = "<group>"; };
		0A8D2E311566296D00EEC778 /* OAAsynchronousDataFetcher.h */ = {isa = PBXFileReference; fileEncoding = 4; lastKnownFileType = sourcecode.c.h; path = OAAsynchronousDataFetcher.h; sourceTree = "<group>"; };
		0A8D2E321566296D00EEC778 /* OAConsumer.h */ = {isa = PBXFileReference; fileEncoding = 4; lastKnownFileType = sourcecode.c.h; path = OAConsumer.h; sourceTree = "<group>"; };
		0A8D2E331566296D00EEC778 /* OADataFetcher.h */ = {isa = PBXFileReference; fileEncoding = 4; lastKnownFileType = sourcecode.c.h; path = OADataFetcher.h; sourceTree = "<group>"; };
		0A8D2E341566296D00EEC778 /* OAHMAC_SHA1SignatureProvider.h */ = {isa = PBXFileReference; fileEncoding = 4; lastKnownFileType = sourcecode.c.h; path = OAHMAC_SHA1SignatureProvider.h; sourceTree = "<group>"; };
		0A8D2E351566296D00EEC778 /* OAMutableURLRequest.h */ = {isa = PBXFileReference; fileEncoding = 4; lastKnownFileType = sourcecode.c.h; path = OAMutableURLRequest.h; sourceTree = "<group>"; };
		0A8D2E361566296D00EEC778 /* OAPlaintextSignatureProvider.h */ = {isa = PBXFileReference; fileEncoding = 4; lastKnownFileType = sourcecode.c.h; path = OAPlaintextSignatureProvider.h; sourceTree = "<group>"; };
		0A8D2E371566296D00EEC778 /* OARequestParameter.h */ = {isa = PBXFileReference; fileEncoding = 4; lastKnownFileType = sourcecode.c.h; path = OARequestParameter.h; sourceTree = "<group>"; };
		0A8D2E381566296D00EEC778 /* OAServiceTicket.h */ = {isa = PBXFileReference; fileEncoding = 4; lastKnownFileType = sourcecode.c.h; path = OAServiceTicket.h; sourceTree = "<group>"; };
		0A8D2E391566296D00EEC778 /* OASignatureProviding.h */ = {isa = PBXFileReference; fileEncoding = 4; lastKnownFileType = sourcecode.c.h; path = OASignatureProviding.h; sourceTree = "<group>"; };
		0A8D2E3A1566296D00EEC778 /* OAToken.h */ = {isa = PBXFileReference; fileEncoding = 4; lastKnownFileType = sourcecode.c.h; path = OAToken.h; sourceTree = "<group>"; };
		0A8D2E3B1566296D00EEC778 /* OAuthConsumer.h */ = {isa = PBXFileReference; fileEncoding = 4; lastKnownFileType = sourcecode.c.h; path = OAuthConsumer.h; sourceTree = "<group>"; };
		0A8D2E3C1566296D00EEC778 /* SHKRequest.h */ = {isa = PBXFileReference; fileEncoding = 4; lastKnownFileType = sourcecode.c.h; path = SHKRequest.h; sourceTree = "<group>"; };
		0A8D2E3D1566296D00EEC778 /* SHKXMLResponseParser.h */ = {isa = PBXFileReference; fileEncoding = 4; lastKnownFileType = sourcecode.c.h; path = SHKXMLResponseParser.h; sourceTree = "<group>"; };
		0A8D2E3E1566296D00EEC778 /* SHK.h */ = {isa = PBXFileReference; fileEncoding = 4; lastKnownFileType = sourcecode.c.h; path = SHK.h; sourceTree = "<group>"; };
		0A8D2E3F1566296D00EEC778 /* SHKItem.h */ = {isa = PBXFileReference; fileEncoding = 4; lastKnownFileType = sourcecode.c.h; path = SHKItem.h; sourceTree = "<group>"; };
		0A8D2E401566296D00EEC778 /* SHKOfflineSharer.h */ = {isa = PBXFileReference; fileEncoding = 4; lastKnownFileType = sourcecode.c.h; path = SHKOfflineSharer.h; sourceTree = "<group>"; };
		0A8D2E421566296D00EEC778 /* Reachability.h */ = {isa = PBXFileReference; fileEncoding = 4; lastKnownFileType = sourcecode.c.h; path = Reachability.h; sourceTree = "<group>"; };
		0A8D2E461566296D00EEC778 /* SHKCopy.h */ = {isa = PBXFileReference; fileEncoding = 4; lastKnownFileType = sourcecode.c.h; path = SHKCopy.h; sourceTree = "<group>"; };
		0A8D2E481566296D00EEC778 /* SHKMail.h */ = {isa = PBXFileReference; fileEncoding = 4; lastKnownFileType = sourcecode.c.h; path = SHKMail.h; sourceTree = "<group>"; };
		0A8D2E4A1566296D00EEC778 /* SHKPrint.h */ = {isa = PBXFileReference; fileEncoding = 4; lastKnownFileType = sourcecode.c.h; path = SHKPrint.h; sourceTree = "<group>"; };
		0A8D2E4C1566296D00EEC778 /* DefaultSHKConfigurator.h */ = {isa = PBXFileReference; fileEncoding = 4; lastKnownFileType = sourcecode.c.h; path = DefaultSHKConfigurator.h; sourceTree = "<group>"; };
		0A8D2E4D1566296D00EEC778 /* SHKConfiguration.h */ = {isa = PBXFileReference; fileEncoding = 4; lastKnownFileType = sourcecode.c.h; path = SHKConfiguration.h; sourceTree = "<group>"; };
		0A8D2E501566296D00EEC778 /* Facebook.h */ = {isa = PBXFileReference; fileEncoding = 4; lastKnownFileType = sourcecode.c.h; path = Facebook.h; sourceTree = "<group>"; };
		0A8D2E511566296D00EEC778 /* FBConnect.h */ = {isa = PBXFileReference; fileEncoding = 4; lastKnownFileType = sourcecode.c.h; path = FBConnect.h; sourceTree = "<group>"; };
		0A8D2E521566296D00EEC778 /* FBDialog.h */ = {isa = PBXFileReference; fileEncoding = 4; lastKnownFileType = sourcecode.c.h; path = FBDialog.h; sourceTree = "<group>"; };
		0A8D2E531566296D00EEC778 /* FBLoginDialog.h */ = {isa = PBXFileReference; fileEncoding = 4; lastKnownFileType = sourcecode.c.h; path = FBLoginDialog.h; sourceTree = "<group>"; };
		0A8D2E541566296D00EEC778 /* FBRequest.h */ = {isa = PBXFileReference; fileEncoding = 4; lastKnownFileType = sourcecode.c.h; path = FBRequest.h; sourceTree = "<group>"; };
		0A8D2E561566296D00EEC778 /* JSON.h */ = {isa = PBXFileReference; fileEncoding = 4; lastKnownFileType = sourcecode.c.h; path = JSON.h; sourceTree = "<group>"; };
		0A8D2E571566296D00EEC778 /* NSObject+SBJSON.h */ = {isa = PBXFileReference; fileEncoding = 4; lastKnownFileType = sourcecode.c.h; path = "NSObject+SBJSON.h"; sourceTree = "<group>"; };
		0A8D2E581566296D00EEC778 /* NSString+SBJSON.h */ = {isa = PBXFileReference; fileEncoding = 4; lastKnownFileType = sourcecode.c.h; path = "NSString+SBJSON.h"; sourceTree = "<group>"; };
		0A8D2E591566296D00EEC778 /* SBJSON.h */ = {isa = PBXFileReference; fileEncoding = 4; lastKnownFileType = sourcecode.c.h; path = SBJSON.h; sourceTree = "<group>"; };
		0A8D2E5A1566296D00EEC778 /* SBJsonBase.h */ = {isa = PBXFileReference; fileEncoding = 4; lastKnownFileType = sourcecode.c.h; path = SBJsonBase.h; sourceTree = "<group>"; };
		0A8D2E5B1566296D00EEC778 /* SBJsonParser.h */ = {isa = PBXFileReference; fileEncoding = 4; lastKnownFileType = sourcecode.c.h; path = SBJsonParser.h; sourceTree = "<group>"; };
		0A8D2E5C1566296D00EEC778 /* SBJsonWriter.h */ = {isa = PBXFileReference; fileEncoding = 4; lastKnownFileType = sourcecode.c.h; path = SBJsonWriter.h; sourceTree = "<group>"; };
		0A8D2E5D1566296D00EEC778 /* SHKFacebook.h */ = {isa = PBXFileReference; fileEncoding = 4; lastKnownFileType = sourcecode.c.h; path = SHKFacebook.h; sourceTree = "<group>"; };
		0A8D2E5F1566296D00EEC778 /* SHKActionSheet.h */ = {isa = PBXFileReference; fileEncoding = 4; lastKnownFileType = sourcecode.c.h; path = SHKActionSheet.h; sourceTree = "<group>"; };
		0A8D2E601566296D00EEC778 /* SHKActivityIndicator.h */ = {isa = PBXFileReference; fileEncoding = 4; lastKnownFileType = sourcecode.c.h; path = SHKActivityIndicator.h; sourceTree = "<group>"; };
		0A8D2E611566296D00EEC778 /* SHKFormController.h */ = {isa = PBXFileReference; fileEncoding = 4; lastKnownFileType = sourcecode.c.h; path = SHKFormController.h; sourceTree = "<group>"; };
		0A8D2E621566296D00EEC778 /* SHKFormControllerLargeTextField.h */ = {isa = PBXFileReference; fileEncoding = 4; lastKnownFileType = sourcecode.c.h; path = SHKFormControllerLargeTextField.h; sourceTree = "<group>"; };
		0A8D2E631566296D00EEC778 /* SHKFormFieldCell.h */ = {isa = PBXFileReference; fileEncoding = 4; lastKnownFileType = sourcecode.c.h; path = SHKFormFieldCell.h; sourceTree = "<group>"; };
		0A8D2E641566296D00EEC778 /* SHKFormFieldSettings.h */ = {isa = PBXFileReference; fileEncoding = 4; lastKnownFileType = sourcecode.c.h; path = SHKFormFieldSettings.h; sourceTree = "<group>"; };
		0A8D2E651566296D00EEC778 /* SHKFormOptionController.h */ = {isa = PBXFileReference; fileEncoding = 4; lastKnownFileType = sourcecode.c.h; path = SHKFormOptionController.h; sourceTree = "<group>"; };
		0A8D2E661566296D00EEC778 /* SHKOAuthView.h */ = {isa = PBXFileReference; fileEncoding = 4; lastKnownFileType = sourcecode.c.h; path = SHKOAuthView.h; sourceTree = "<group>"; };
		0A8D2E671566296D00EEC778 /* SHKShareItemDelegate.h */ = {isa = PBXFileReference; fileEncoding = 4; lastKnownFileType = sourcecode.c.h; path = SHKShareItemDelegate.h; sourceTree = "<group>"; };
		0A8D2E681566296D00EEC778 /* SHKShareMenu.h */ = {isa = PBXFileReference; fileEncoding = 4; lastKnownFileType = sourcecode.c.h; path = SHKShareMenu.h; sourceTree = "<group>"; };
		0A8D2E691566296D00EEC778 /* SHKViewControllerWrapper.h */ = {isa = PBXFileReference; fileEncoding = 4; lastKnownFileType = sourcecode.c.h; path = SHKViewControllerWrapper.h; sourceTree = "<group>"; };
		0A8D2E6B1566296D00EEC778 /* KCKeyboardDismissingViewController.h */ = {isa = PBXFileReference; fileEncoding = 4; lastKnownFileType = sourcecode.c.h; path = KCKeyboardDismissingViewController.h; sourceTree = "<group>"; };
		0A8D2E6C1566296D00EEC778 /* KCMainMenuViewController.h */ = {isa = PBXFileReference; fileEncoding = 4; lastKnownFileType = sourcecode.c.h; path = KCMainMenuViewController.h; sourceTree = "<group>"; };
		0A8D2E6D1566296D00EEC778 /* KCShareViewController.h */ = {isa = PBXFileReference; fileEncoding = 4; lastKnownFileType = sourcecode.c.h; path = KCShareViewController.h; sourceTree = "<group>"; };
		0A8D2E6E1566296D00EEC778 /* KCViewController.h */ = {isa = PBXFileReference; fileEncoding = 4; lastKnownFileType = sourcecode.c.h; path = KCViewController.h; sourceTree = "<group>"; };
		0A8D2E701566296D00EEC778 /* CCGL.h */ = {isa = PBXFileReference; fileEncoding = 4; lastKnownFileType = sourcecode.c.h; path = CCGL.h; sourceTree = "<group>"; };
		0A8D2E711566296D00EEC778 /* CCNS.h */ = {isa = PBXFileReference; fileEncoding = 4; lastKnownFileType = sourcecode.c.h; path = CCNS.h; sourceTree = "<group>"; };
		0A8D2E731566296D00EEC778 /* CCDirectorIOS.h */ = {isa = PBXFileReference; fileEncoding = 4; lastKnownFileType = sourcecode.c.h; path = CCDirectorIOS.h; sourceTree = "<group>"; };
		0A8D2E741566296D00EEC778 /* CCTouchDelegateProtocol.h */ = {isa = PBXFileReference; fileEncoding = 4; lastKnownFileType = sourcecode.c.h; path = CCTouchDelegateProtocol.h; sourceTree = "<group>"; };
		0A8D2E751566296D00EEC778 /* CCTouchDispatcher.h */ = {isa = PBXFileReference; fileEncoding = 4; lastKnownFileType = sourcecode.c.h; path = CCTouchDispatcher.h; sourceTree = "<group>"; };
		0A8D2E761566296D00EEC778 /* CCTouchHandler.h */ = {isa = PBXFileReference; fileEncoding = 4; lastKnownFileType = sourcecode.c.h; path = CCTouchHandler.h; sourceTree = "<group>"; };
		0A8D2E771566296D00EEC778 /* EAGLView.h */ = {isa = PBXFileReference; fileEncoding = 4; lastKnownFileType = sourcecode.c.h; path = EAGLView.h; sourceTree = "<group>"; };
		0A8D2E781566296D00EEC778 /* ES1Renderer.h */ = {isa = PBXFileReference; fileEncoding = 4; lastKnownFileType = sourcecode.c.h; path = ES1Renderer.h; sourceTree = "<group>"; };
		0A8D2E791566296D00EEC778 /* ESRenderer.h */ = {isa = PBXFileReference; fileEncoding = 4; lastKnownFileType = sourcecode.c.h; path = ESRenderer.h; sourceTree = "<group>"; };
		0A8D2E7A1566296D00EEC778 /* glu.h */ = {isa = PBXFileReference; fileEncoding = 4; lastKnownFileType = sourcecode.c.h; path = glu.h; sourceTree = "<group>"; };
		0A8D2E7C1566296D00EEC778 /* CCDirectorMac.h */ = {isa = PBXFileReference; fileEncoding = 4; lastKnownFileType = sourcecode.c.h; path = CCDirectorMac.h; sourceTree = "<group>"; };
		0A8D2E7D1566296D00EEC778 /* CCEventDispatcher.h */ = {isa = PBXFileReference; fileEncoding = 4; lastKnownFileType = sourcecode.c.h; path = CCEventDispatcher.h; sourceTree = "<group>"; };
		0A8D2E7E1566296D00EEC778 /* MacGLView.h */ = {isa = PBXFileReference; fileEncoding = 4; lastKnownFileType = sourcecode.c.h; path = MacGLView.h; sourceTree = "<group>"; };
		0A8D2E7F1566296D00EEC778 /* MacWindow.h */ = {isa = PBXFileReference; fileEncoding = 4; lastKnownFileType = sourcecode.c.h; path = MacWindow.h; sourceTree = "<group>"; };
		0A8D2E811566296D00EEC778 /* base64.h */ = {isa = PBXFileReference; fileEncoding = 4; lastKnownFileType = sourcecode.c.h; path = base64.h; sourceTree = "<group>"; };
		0A8D2E821566296D00EEC778 /* CCArray.h */ = {isa = PBXFileReference; fileEncoding = 4; lastKnownFileType = sourcecode.c.h; path = CCArray.h; sourceTree = "<group>"; };
		0A8D2E831566296D00EEC778 /* ccCArray.h */ = {isa = PBXFileReference; fileEncoding = 4; lastKnownFileType = sourcecode.c.h; path = ccCArray.h; sourceTree = "<group>"; };
		0A8D2E841566296D00EEC778 /* CCFileUtils.h */ = {isa = PBXFileReference; fileEncoding = 4; lastKnownFileType = sourcecode.c.h; path = CCFileUtils.h; sourceTree = "<group>"; };
		0A8D2E851566296D00EEC778 /* CCProfiling.h */ = {isa = PBXFileReference; fileEncoding = 4; lastKnownFileType = sourcecode.c.h; path = CCProfiling.h; sourceTree = "<group>"; };
		0A8D2E861566296D00EEC778 /* ccUtils.h */ = {isa = PBXFileReference; fileEncoding = 4; lastKnownFileType = sourcecode.c.h; path = ccUtils.h; sourceTree = "<group>"; };
		0A8D2E871566296D00EEC778 /* CGPointExtension.h */ = {isa = PBXFileReference; fileEncoding = 4; lastKnownFileType = sourcecode.c.h; path = CGPointExtension.h; sourceTree = "<group>"; };
		0A8D2E881566296D00EEC778 /* OpenGL_Internal.h */ = {isa = PBXFileReference; fileEncoding = 4; lastKnownFileType = sourcecode.c.h; path = OpenGL_Internal.h; sourceTree = "<group>"; };
		0A8D2E891566296D00EEC778 /* Reachability.h */ = {isa = PBXFileReference; fileEncoding = 4; lastKnownFileType = sourcecode.c.h; path = Reachability.h; sourceTree = "<group>"; };
		0A8D2E8A1566296D00EEC778 /* TGAlib.h */ = {isa = PBXFileReference; fileEncoding = 4; lastKnownFileType = sourcecode.c.h; path = TGAlib.h; sourceTree = "<group>"; };
		0A8D2E8B1566296D00EEC778 /* TransformUtils.h */ = {isa = PBXFileReference; fileEncoding = 4; lastKnownFileType = sourcecode.c.h; path = TransformUtils.h; sourceTree = "<group>"; };
		0A8D2E8C1566296D00EEC778 /* uthash.h */ = {isa = PBXFileReference; fileEncoding = 4; lastKnownFileType = sourcecode.c.h; path = uthash.h; sourceTree = "<group>"; };
		0A8D2E8D1566296D00EEC778 /* utlist.h */ = {isa = PBXFileReference; fileEncoding = 4; lastKnownFileType = sourcecode.c.h; path = utlist.h; sourceTree = "<group>"; };
		0A8D2E8E1566296D00EEC778 /* ZipUtils.h */ = {isa = PBXFileReference; fileEncoding = 4; lastKnownFileType = sourcecode.c.h; path = ZipUtils.h; sourceTree = "<group>"; };
		0A8D2E8F15662A7000EEC778 /* AWSiOSSDK.framework */ = {isa = PBXFileReference; lastKnownFileType = wrapper.framework; name = AWSiOSSDK.framework; path = "../../Other Frameworks/AWSiOSSDK.framework"; sourceTree = "<group>"; };
		0A8D2E9115662A8900EEC778 /* Accounts.framework */ = {isa = PBXFileReference; lastKnownFileType = wrapper.framework; name = Accounts.framework; path = System/Library/Frameworks/Accounts.framework; sourceTree = SDKROOT; };
/* End PBXFileReference section */

/* Begin PBXFrameworksBuildPhase section */
		0A7B4B42155899C70098BD0D /* Frameworks */ = {
			isa = PBXFrameworksBuildPhase;
			buildActionMask = 2147483647;
			files = (
				0A8D2E9215662A8900EEC778 /* Accounts.framework in Frameworks */,
				0A7B4E631558E4CC0098BD0D /* AVFoundation.framework in Frameworks */,
				0A7B4E611558E4C70098BD0D /* AssetsLibrary.framework in Frameworks */,
				0A7B4B4E155899C70098BD0D /* CoreGraphics.framework in Frameworks */,
				0A7B4E651558E4D40098BD0D /* CoreMedia.framework in Frameworks */,
				0A7B4E6D1558E5040098BD0D /* CoreVideo.framework in Frameworks */,
				0A7B4B4C155899C70098BD0D /* Foundation.framework in Frameworks */,
				0A7B4E711558E5620098BD0D /* MediaPlayer.framework in Frameworks */,
				0A7B4E6F1558E5100098BD0D /* MessageUI.framework in Frameworks */,
				0A7B4E671558E4F00098BD0D /* OpenGLES.framework in Frameworks */,
				0A7B4E751558E5AC0098BD0D /* QuartzCore.framework in Frameworks */,
				0A7B4E6B1558E4F90098BD0D /* Security.framework in Frameworks */,
				0A7B4E691558E4F50098BD0D /* SystemConfiguration.framework in Frameworks */,
				0A7B4E731558E5670098BD0D /* Twitter.framework in Frameworks */,
				0A7B4B4A155899C70098BD0D /* UIKit.framework in Frameworks */,
				0A7B4E771558E5D50098BD0D /* libz.dylib in Frameworks */,
				0A0B6DA6155A529100FE6264 /* cocos2d-kamcord.framework in Frameworks */,
				0A8D2E9015662A7000EEC778 /* AWSiOSSDK.framework in Frameworks */,
			);
			runOnlyForDeploymentPostprocessing = 0;
		};
/* End PBXFrameworksBuildPhase section */

/* Begin PBXGroup section */
		0A0B6B6A1559E03700FE6264 /* Resources */ = {
			isa = PBXGroup;
			children = (
				0A0B6D5D1559F27800FE6264 /* Images */,
				0A0B6CFD1559F04500FE6264 /* bugs */,
				0A0B6B6B1559E03700FE6264 /* cocos2d-artwork */,
				0A8D2DAF1566293700EEC778 /* email_icon_gray.png */,
				0A8D2DB01566293700EEC778 /* email_icon.png */,
				0A8D2DB11566293700EEC778 /* f_logo_gray_small.png */,
				0A8D2DB21566293700EEC778 /* f_logo.png */,
				0A8D2DB31566293700EEC778 /* KamcordStoryboard_iPad.storyboardc */,
				0A8D2DB41566293700EEC778 /* KamcordStoryboard_iPhone_Portrait.storyboardc */,
				0A8D2DB51566293700EEC778 /* KamcordStoryboard_iPhone.storyboardc */,
				0A8D2DB61566293700EEC778 /* ShareKit.bundle */,
				0A8D2DB71566293700EEC778 /* SHKSharers.plist */,
				0A8D2DB81566293700EEC778 /* twitter_logo_gray_small.png */,
				0A8D2DB91566293700EEC778 /* twitter_logo.png */,
				0A0B6B7D1559E03700FE6264 /* Default.png */,
				0A0B6B7F1559E03700FE6264 /* Icon-72.png */,
				0A0B6B801559E03700FE6264 /* Icon-Small-50.png */,
				0A0B6B811559E03700FE6264 /* Icon-Small.png */,
				0A0B6B821559E03700FE6264 /* Icon-Small@2x.png */,
				0A0B6B831559E03700FE6264 /* Icon.png */,
				0A0B6B841559E03700FE6264 /* Icon@2x.png */,
				0A0B6B851559E03700FE6264 /* Info.plist */,
				0A0B6B861559E03700FE6264 /* InfoWithStatusBar.plist */,
				0A0B6B871559E03700FE6264 /* iTunesArtwork */,
			);
			name = Resources;
			path = ../../../Resources;
			sourceTree = "<group>";
		};
		0A0B6B6B1559E03700FE6264 /* cocos2d-artwork */ = {
			isa = PBXGroup;
			children = (
				0A0B6B6C1559E03700FE6264 /* 320x480-Splash-angry-01.png */,
				0A0B6B6D1559E03700FE6264 /* 320x480-Splash-angry-02.png */,
				0A0B6B6E1559E03700FE6264 /* 320x480-Splash-happy-01.png */,
				0A0B6B6F1559E03700FE6264 /* 320x480-Splash-happy-02.png */,
				0A0B6B701559E03700FE6264 /* 480x320-splash-angry-01.png */,
				0A0B6B711559E03700FE6264 /* 480x320-splash-angry-02.png */,
				0A0B6B721559E03700FE6264 /* 480x320-splash-happy-01.png */,
				0A0B6B731559E03700FE6264 /* 480x320-splash-happy-02.png */,
				0A0B6B741559E03700FE6264 /* Official-cocos2d-Icon-Angry.png */,
				0A0B6B751559E03700FE6264 /* Official-cocos2d-Icon-Happy.png */,
				0A0B6B761559E03700FE6264 /* Official-cocos2d-Logo-Landscape-Angry.png */,
				0A0B6B771559E03700FE6264 /* Official-cocos2d-Logo-Landscape-Happy.png */,
				0A0B6B781559E03700FE6264 /* Official-cocos2d-Logo-Portrait-Angry.png */,
				0A0B6B791559E03700FE6264 /* Official-cocos2d-Logo-Portrait-Happy.png */,
				0A0B6B7A1559E03700FE6264 /* Official-cocos2d-Tag.png */,
				0A0B6B7B1559E03700FE6264 /* README.txt */,
				0A0B6B7C1559E03700FE6264 /* sfchromefenders.ttf */,
			);
			path = "cocos2d-artwork";
			sourceTree = "<group>";
		};
		0A0B6D5D1559F27800FE6264 /* Images */ = {
			isa = PBXGroup;
			children = (
				0A0B6D5E1559F27800FE6264 /* b1-hd.png */,
				0A0B6D5F1559F27800FE6264 /* b1.png */,
				0A0B6D601559F27800FE6264 /* b2-hd.png */,
				0A0B6D611559F27800FE6264 /* b2.png */,
				0A0B6D621559F27800FE6264 /* background3.jpg */,
				0A0B6D631559F27800FE6264 /* bugs */,
				0A0B6D681559F27800FE6264 /* f1-hd.png */,
				0A0B6D691559F27800FE6264 /* f1.png */,
				0A0B6D6A1559F27800FE6264 /* f2-hd.png */,
				0A0B6D6B1559F27800FE6264 /* f2.png */,
				0A0B6D6C1559F27800FE6264 /* fire-grayscale.png */,
				0A0B6D6D1559F27800FE6264 /* fire.png */,
				0A0B6D6E1559F27800FE6264 /* fire.pvr */,
				0A0B6D6F1559F27800FE6264 /* fire_rgba8888.pvr */,
				0A0B6D701559F27800FE6264 /* fps_images-hd.png */,
				0A0B6D711559F27800FE6264 /* fps_images.png */,
				0A0B6D721559F27800FE6264 /* powered.png */,
				0A0B6D731559F27800FE6264 /* r1-hd.png */,
				0A0B6D741559F27800FE6264 /* r1.png */,
				0A0B6D751559F27800FE6264 /* r2-hd.png */,
				0A0B6D761559F27800FE6264 /* r2.png */,
				0A0B6D771559F27800FE6264 /* test_image.gif */,
				0A0B6D781559F27800FE6264 /* test_image.jpeg */,
			);
			name = Images;
			path = "RenderTextureTest-Kamcord/Resources/Images";
			sourceTree = SOURCE_ROOT;
		};
		0A0B6D631559F27800FE6264 /* bugs */ = {
			isa = PBXGroup;
			children = (
				0A0B6D641559F27800FE6264 /* circle-hd.plist */,
				0A0B6D651559F27800FE6264 /* circle-hd.png */,
				0A0B6D661559F27800FE6264 /* circle.plist */,
				0A0B6D671559F27800FE6264 /* circle.png */,
			);
			path = bugs;
			sourceTree = "<group>";
		};
		0A7B4B3A155899C70098BD0D = {
			isa = PBXGroup;
			children = (
				0A7B4B4F155899C70098BD0D /* RenderTextureTest-Kamcord */,
				0A7B4B48155899C70098BD0D /* Frameworks */,
				0A7B4E761558E5D50098BD0D /* libz.dylib */,
				0A7B4B46155899C70098BD0D /* Products */,
			);
			sourceTree = "<group>";
		};
		0A7B4B46155899C70098BD0D /* Products */ = {
			isa = PBXGroup;
			children = (
				0A7B4B45155899C70098BD0D /* RenderTextureTest-Kamcord.app */,
			);
			name = Products;
			sourceTree = "<group>";
		};
		0A7B4B48155899C70098BD0D /* Frameworks */ = {
			isa = PBXGroup;
			children = (
				0A8D2E9115662A8900EEC778 /* Accounts.framework */,
				0A8D2E8F15662A7000EEC778 /* AWSiOSSDK.framework */,
				0A0B6DA5155A529100FE6264 /* cocos2d-kamcord.framework */,
				0A7B4E621558E4CC0098BD0D /* AVFoundation.framework */,
				0A7B4E601558E4C70098BD0D /* AssetsLibrary.framework */,
				0A7B4E6C1558E5040098BD0D /* CoreVideo.framework */,
				0A7B4B4B155899C70098BD0D /* Foundation.framework */,
				0A7B4B4D155899C70098BD0D /* CoreGraphics.framework */,
				0A7B4E641558E4D40098BD0D /* CoreMedia.framework */,
				0A7B4E701558E5620098BD0D /* MediaPlayer.framework */,
				0A7B4E6E1558E5100098BD0D /* MessageUI.framework */,
				0A7B4E661558E4F00098BD0D /* OpenGLES.framework */,
				0A7B4E741558E5AC0098BD0D /* QuartzCore.framework */,
				0A7B4E6A1558E4F90098BD0D /* Security.framework */,
				0A7B4E681558E4F50098BD0D /* SystemConfiguration.framework */,
				0A7B4E721558E5670098BD0D /* Twitter.framework */,
				0A7B4B49155899C70098BD0D /* UIKit.framework */,
			);
			name = Frameworks;
			sourceTree = "<group>";
		};
		0A7B4B4F155899C70098BD0D /* RenderTextureTest-Kamcord */ = {
			isa = PBXGroup;
			children = (
				0A8D2DC51566296D00EEC778 /* Headers */,
				0A7B4B6515589B880098BD0D /* RenderTextureTest.h */,
				0A7B4B6615589B880098BD0D /* RenderTextureTest.m */,
				0A7B4B58155899C70098BD0D /* RenderTextureTest_KamcordAppDelegate.h */,
				0A7B4B59155899C70098BD0D /* RenderTextureTest_KamcordAppDelegate.m */,
				0A0B6B6A1559E03700FE6264 /* Resources */,
				0A7B4B50155899C70098BD0D /* Supporting Files */,
			);
			path = "RenderTextureTest-Kamcord";
			sourceTree = "<group>";
		};
		0A7B4B50155899C70098BD0D /* Supporting Files */ = {
			isa = PBXGroup;
			children = (
				0A7B4B51155899C70098BD0D /* RenderTextureTest-Kamcord-Info.plist */,
				0A7B4B52155899C70098BD0D /* InfoPlist.strings */,
				0A7B4B55155899C70098BD0D /* main.m */,
				0A7B4B57155899C70098BD0D /* RenderTextureTest-Kamcord-Prefix.pch */,
			);
			name = "Supporting Files";
			sourceTree = "<group>";
		};
		0A8D2DC51566296D00EEC778 /* Headers */ = {
			isa = PBXGroup;
			children = (
				0A8D2DC61566296D00EEC778 /* CCAction.h */,
				0A8D2DC71566296D00EEC778 /* CCActionCamera.h */,
				0A8D2DC81566296D00EEC778 /* CCActionEase.h */,
				0A8D2DC91566296D00EEC778 /* CCActionGrid.h */,
				0A8D2DCA1566296D00EEC778 /* CCActionGrid3D.h */,
				0A8D2DCB1566296D00EEC778 /* CCActionInstant.h */,
				0A8D2DCC1566296D00EEC778 /* CCActionInterval.h */,
				0A8D2DCD1566296D00EEC778 /* CCActionManager.h */,
				0A8D2DCE1566296D00EEC778 /* CCActionPageTurn3D.h */,
				0A8D2DCF1566296D00EEC778 /* CCActionProgressTimer.h */,
				0A8D2DD01566296D00EEC778 /* CCActionTiledGrid.h */,
				0A8D2DD11566296D00EEC778 /* CCActionTween.h */,
				0A8D2DD21566296D00EEC778 /* CCAnimation.h */,
				0A8D2DD31566296D00EEC778 /* CCAnimationCache.h */,
				0A8D2DD41566296D00EEC778 /* CCAtlasNode.h */,
				0A8D2DD51566296D00EEC778 /* CCBlockSupport.h */,
				0A8D2DD61566296D00EEC778 /* CCCamera.h */,
				0A8D2DD71566296D00EEC778 /* ccConfig.h */,
				0A8D2DD81566296D00EEC778 /* CCConfiguration.h */,
				0A8D2DD91566296D00EEC778 /* CCDirector.h */,
				0A8D2DDA1566296D00EEC778 /* CCDrawingPrimitives.h */,
				0A8D2DDB1566296D00EEC778 /* CCGrabber.h */,
				0A8D2DDC1566296D00EEC778 /* CCGrid.h */,
				0A8D2DDD1566296D00EEC778 /* CCLabelAtlas.h */,
				0A8D2DDE1566296D00EEC778 /* CCLabelBMFont.h */,
				0A8D2DDF1566296D00EEC778 /* CCLabelTTF.h */,
				0A8D2DE01566296D00EEC778 /* CCLayer.h */,
				0A8D2DE11566296D00EEC778 /* ccMacros.h */,
				0A8D2DE21566296D00EEC778 /* CCMenu.h */,
				0A8D2DE31566296D00EEC778 /* CCMenuItem.h */,
				0A8D2DE41566296D00EEC778 /* CCMotionStreak.h */,
				0A8D2DE51566296D00EEC778 /* CCNode.h */,
				0A8D2DE61566296D00EEC778 /* CCParallaxNode.h */,
				0A8D2DE71566296D00EEC778 /* CCParticleExamples.h */,
				0A8D2DE81566296D00EEC778 /* CCParticleSystem.h */,
				0A8D2DE91566296D00EEC778 /* CCParticleSystemPoint.h */,
				0A8D2DEA1566296D00EEC778 /* CCParticleSystemQuad.h */,
				0A8D2DEB1566296D00EEC778 /* CCProgressTimer.h */,
				0A8D2DEC1566296D00EEC778 /* CCProtocols.h */,
				0A8D2DED1566296D00EEC778 /* CCRenderTexture.h */,
				0A8D2DEE1566296D00EEC778 /* CCRibbon.h */,
				0A8D2DEF1566296D00EEC778 /* CCScene.h */,
				0A8D2DF01566296D00EEC778 /* CCScheduler.h */,
				0A8D2DF11566296D00EEC778 /* CCSprite.h */,
				0A8D2DF21566296D00EEC778 /* CCSpriteBatchNode.h */,
				0A8D2DF31566296D00EEC778 /* CCSpriteFrame.h */,
				0A8D2DF41566296D00EEC778 /* CCSpriteFrameCache.h */,
				0A8D2DF51566296D00EEC778 /* CCTexture2D.h */,
				0A8D2DF61566296D00EEC778 /* CCTextureAtlas.h */,
				0A8D2DF71566296D00EEC778 /* CCTextureCache.h */,
				0A8D2DF81566296D00EEC778 /* CCTexturePVR.h */,
				0A8D2DF91566296D00EEC778 /* CCTileMapAtlas.h */,
				0A8D2DFA1566296D00EEC778 /* CCTMXLayer.h */,
				0A8D2DFB1566296D00EEC778 /* CCTMXObjectGroup.h */,
				0A8D2DFC1566296D00EEC778 /* CCTMXTiledMap.h */,
				0A8D2DFD1566296D00EEC778 /* CCTMXXMLParser.h */,
				0A8D2DFE1566296D00EEC778 /* CCTransition.h */,
				0A8D2DFF1566296D00EEC778 /* CCTransitionPageTurn.h */,
				0A8D2E001566296D00EEC778 /* CCTransitionRadial.h */,
				0A8D2E011566296D00EEC778 /* ccTypes.h */,
				0A8D2E021566296D00EEC778 /* cocos2d.h */,
				0A8D2E031566296D00EEC778 /* Kamcord */,
				0A8D2E6F1566296D00EEC778 /* Platforms */,
				0A8D2E801566296D00EEC778 /* Support */,
			);
			name = Headers;
			path = "../../../../../../Library/Developer/Xcode/DerivedData/cocos2d-ios-dqvvffhkcaqhkrbpjhuufyvugjau/Build/Products/Debug-iphoneos/cocos2d-kamcord.embeddedframework/cocos2d-kamcord.framework/Headers";
			sourceTree = "<group>";
		};
		0A8D2E031566296D00EEC778 /* Kamcord */ = {
			isa = PBXGroup;
			children = (
				0A8D2E041566296D00EEC778 /* AWS */,
				0A8D2E141566296D00EEC778 /* FlurryAnalytics */,
				0A8D2E161566296D00EEC778 /* KCManager.h */,
				0A8D2E171566296D00EEC778 /* KCSHKConfigurator.h */,
				0A8D2E181566296D00EEC778 /* KCVideoReplayCreator.h */,
				0A8D2E191566296D00EEC778 /* KCVideoUpdateReceiver.h */,
				0A8D2E1A1566296D00EEC778 /* KCVideoWriter.h */,
				0A8D2E1B1566296D00EEC778 /* KCYouTubeUploader.h */,
				0A8D2E1C1566296D00EEC778 /* ShareKit */,
				0A8D2E6A1566296D00EEC778 /* View */,
			);
			path = Kamcord;
			sourceTree = "<group>";
		};
		0A8D2E041566296D00EEC778 /* AWS */ = {
			isa = PBXGroup;
			children = (
				0A8D2E051566296D00EEC778 /* AmazonClientManager.h */,
				0A8D2E061566296D00EEC778 /* Constants.h */,
				0A8D2E071566296D00EEC778 /* TVMClient */,
			);
			path = AWS;
			sourceTree = "<group>";
		};
		0A8D2E071566296D00EEC778 /* TVMClient */ = {
			isa = PBXGroup;
			children = (
				0A8D2E081566296D00EEC778 /* AmazonKeyChainWrapper.h */,
				0A8D2E091566296D00EEC778 /* AmazonTVMClient.h */,
				0A8D2E0A1566296D00EEC778 /* Crypto.h */,
				0A8D2E0B1566296D00EEC778 /* GetTokenRequest.h */,
				0A8D2E0C1566296D00EEC778 /* GetTokenResponse.h */,
				0A8D2E0D1566296D00EEC778 /* GetTokenResponseHandler.h */,
				0A8D2E0E1566296D00EEC778 /* JSONUtilities.h */,
				0A8D2E0F1566296D00EEC778 /* RegisterDeviceRequest.h */,
				0A8D2E101566296D00EEC778 /* Request.h */,
				0A8D2E111566296D00EEC778 /* RequestDelegate.h */,
				0A8D2E121566296D00EEC778 /* Response.h */,
				0A8D2E131566296D00EEC778 /* ResponseHandler.h */,
			);
			path = TVMClient;
			sourceTree = "<group>";
		};
		0A8D2E141566296D00EEC778 /* FlurryAnalytics */ = {
			isa = PBXGroup;
			children = (
				0A8D2E151566296D00EEC778 /* FlurryAnalytics.h */,
			);
			path = FlurryAnalytics;
			sourceTree = "<group>";
		};
		0A8D2E1C1566296D00EEC778 /* ShareKit */ = {
			isa = PBXGroup;
			children = (
				0A8D2E1D1566296D00EEC778 /* Core */,
				0A8D2E411566296D00EEC778 /* Reachability */,
				0A8D2E431566296D00EEC778 /* Sharers */,
				0A8D2E5E1566296D00EEC778 /* UI */,
			);
			path = ShareKit;
			sourceTree = "<group>";
		};
		0A8D2E1D1566296D00EEC778 /* Core */ = {
			isa = PBXGroup;
			children = (
				0A8D2E1E1566296D00EEC778 /* Categories */,
				0A8D2E231566296D00EEC778 /* Helpers */,
				0A8D2E3E1566296D00EEC778 /* SHK.h */,
				0A8D2E3F1566296D00EEC778 /* SHKItem.h */,
				0A8D2E401566296D00EEC778 /* SHKOfflineSharer.h */,
			);
			path = Core;
			sourceTree = "<group>";
		};
		0A8D2E1E1566296D00EEC778 /* Categories */ = {
			isa = PBXGroup;
			children = (
				0A8D2E1F1566296D00EEC778 /* NSData+md5.h */,
				0A8D2E201566296D00EEC778 /* NSHTTPCookieStorage+DeleteForURL.h */,
				0A8D2E211566296D00EEC778 /* NSMutableDictionary+NSNullsToEmptyStrings.h */,
				0A8D2E221566296D00EEC778 /* UIWebView+SHK.h */,
			);
			path = Categories;
			sourceTree = "<group>";
		};
		0A8D2E231566296D00EEC778 /* Helpers */ = {
			isa = PBXGroup;
			children = (
				0A8D2E241566296D00EEC778 /* JSONKit */,
				0A8D2E261566296D00EEC778 /* Keychain */,
				0A8D2E281566296D00EEC778 /* OAuth */,
				0A8D2E3C1566296D00EEC778 /* SHKRequest.h */,
				0A8D2E3D1566296D00EEC778 /* SHKXMLResponseParser.h */,
			);
			path = Helpers;
			sourceTree = "<group>";
		};
		0A8D2E241566296D00EEC778 /* JSONKit */ = {
			isa = PBXGroup;
			children = (
				0A8D2E251566296D00EEC778 /* JSONKit.h */,
			);
			path = JSONKit;
			sourceTree = "<group>";
		};
		0A8D2E261566296D00EEC778 /* Keychain */ = {
			isa = PBXGroup;
			children = (
				0A8D2E271566296D00EEC778 /* SSKeychain.h */,
			);
			path = Keychain;
			sourceTree = "<group>";
		};
		0A8D2E281566296D00EEC778 /* OAuth */ = {
			isa = PBXGroup;
			children = (
				0A8D2E291566296D00EEC778 /* Categories */,
				0A8D2E2D1566296D00EEC778 /* Crytpo */,
				0A8D2E311566296D00EEC778 /* OAAsynchronousDataFetcher.h */,
				0A8D2E321566296D00EEC778 /* OAConsumer.h */,
				0A8D2E331566296D00EEC778 /* OADataFetcher.h */,
				0A8D2E341566296D00EEC778 /* OAHMAC_SHA1SignatureProvider.h */,
				0A8D2E351566296D00EEC778 /* OAMutableURLRequest.h */,
				0A8D2E361566296D00EEC778 /* OAPlaintextSignatureProvider.h */,
				0A8D2E371566296D00EEC778 /* OARequestParameter.h */,
				0A8D2E381566296D00EEC778 /* OAServiceTicket.h */,
				0A8D2E391566296D00EEC778 /* OASignatureProviding.h */,
				0A8D2E3A1566296D00EEC778 /* OAToken.h */,
				0A8D2E3B1566296D00EEC778 /* OAuthConsumer.h */,
			);
			path = OAuth;
			sourceTree = "<group>";
		};
		0A8D2E291566296D00EEC778 /* Categories */ = {
			isa = PBXGroup;
			children = (
				0A8D2E2A1566296D00EEC778 /* NSMutableURLRequest+Parameters.h */,
				0A8D2E2B1566296D00EEC778 /* NSString+URLEncoding.h */,
				0A8D2E2C1566296D00EEC778 /* NSURL+Base.h */,
			);
			path = Categories;
			sourceTree = "<group>";
		};
		0A8D2E2D1566296D00EEC778 /* Crytpo */ = {
			isa = PBXGroup;
			children = (
				0A8D2E2E1566296D00EEC778 /* Base64Transcoder.h */,
				0A8D2E2F1566296D00EEC778 /* hmac.h */,
				0A8D2E301566296D00EEC778 /* sha1.h */,
			);
			path = Crytpo;
			sourceTree = "<group>";
		};
		0A8D2E411566296D00EEC778 /* Reachability */ = {
			isa = PBXGroup;
			children = (
				0A8D2E421566296D00EEC778 /* Reachability.h */,
			);
			path = Reachability;
			sourceTree = "<group>";
		};
		0A8D2E431566296D00EEC778 /* Sharers */ = {
			isa = PBXGroup;
			children = (
				0A8D2E441566296D00EEC778 /* Actions */,
				0A8D2E4B1566296D00EEC778 /* Configuration */,
				0A8D2E4E1566296D00EEC778 /* Services */,
			);
			path = Sharers;
			sourceTree = "<group>";
		};
		0A8D2E441566296D00EEC778 /* Actions */ = {
			isa = PBXGroup;
			children = (
				0A8D2E451566296D00EEC778 /* Copy */,
				0A8D2E471566296D00EEC778 /* Email */,
				0A8D2E491566296D00EEC778 /* Print */,
			);
			path = Actions;
			sourceTree = "<group>";
		};
		0A8D2E451566296D00EEC778 /* Copy */ = {
			isa = PBXGroup;
			children = (
				0A8D2E461566296D00EEC778 /* SHKCopy.h */,
			);
			path = Copy;
			sourceTree = "<group>";
		};
		0A8D2E471566296D00EEC778 /* Email */ = {
			isa = PBXGroup;
			children = (
				0A8D2E481566296D00EEC778 /* SHKMail.h */,
			);
			path = Email;
			sourceTree = "<group>";
		};
		0A8D2E491566296D00EEC778 /* Print */ = {
			isa = PBXGroup;
			children = (
				0A8D2E4A1566296D00EEC778 /* SHKPrint.h */,
			);
			path = Print;
			sourceTree = "<group>";
		};
		0A8D2E4B1566296D00EEC778 /* Configuration */ = {
			isa = PBXGroup;
			children = (
				0A8D2E4C1566296D00EEC778 /* DefaultSHKConfigurator.h */,
				0A8D2E4D1566296D00EEC778 /* SHKConfiguration.h */,
			);
			path = Configuration;
			sourceTree = "<group>";
		};
		0A8D2E4E1566296D00EEC778 /* Services */ = {
			isa = PBXGroup;
			children = (
				0A8D2E4F1566296D00EEC778 /* Facebook */,
			);
			path = Services;
			sourceTree = "<group>";
		};
		0A8D2E4F1566296D00EEC778 /* Facebook */ = {
			isa = PBXGroup;
			children = (
				0A8D2E501566296D00EEC778 /* Facebook.h */,
				0A8D2E511566296D00EEC778 /* FBConnect.h */,
				0A8D2E521566296D00EEC778 /* FBDialog.h */,
				0A8D2E531566296D00EEC778 /* FBLoginDialog.h */,
				0A8D2E541566296D00EEC778 /* FBRequest.h */,
				0A8D2E551566296D00EEC778 /* JSON */,
				0A8D2E5D1566296D00EEC778 /* SHKFacebook.h */,
			);
			path = Facebook;
			sourceTree = "<group>";
		};
		0A8D2E551566296D00EEC778 /* JSON */ = {
			isa = PBXGroup;
			children = (
				0A8D2E561566296D00EEC778 /* JSON.h */,
				0A8D2E571566296D00EEC778 /* NSObject+SBJSON.h */,
				0A8D2E581566296D00EEC778 /* NSString+SBJSON.h */,
				0A8D2E591566296D00EEC778 /* SBJSON.h */,
				0A8D2E5A1566296D00EEC778 /* SBJsonBase.h */,
				0A8D2E5B1566296D00EEC778 /* SBJsonParser.h */,
				0A8D2E5C1566296D00EEC778 /* SBJsonWriter.h */,
			);
			path = JSON;
			sourceTree = "<group>";
		};
		0A8D2E5E1566296D00EEC778 /* UI */ = {
			isa = PBXGroup;
			children = (
				0A8D2E5F1566296D00EEC778 /* SHKActionSheet.h */,
				0A8D2E601566296D00EEC778 /* SHKActivityIndicator.h */,
				0A8D2E611566296D00EEC778 /* SHKFormController.h */,
				0A8D2E621566296D00EEC778 /* SHKFormControllerLargeTextField.h */,
				0A8D2E631566296D00EEC778 /* SHKFormFieldCell.h */,
				0A8D2E641566296D00EEC778 /* SHKFormFieldSettings.h */,
				0A8D2E651566296D00EEC778 /* SHKFormOptionController.h */,
				0A8D2E661566296D00EEC778 /* SHKOAuthView.h */,
				0A8D2E671566296D00EEC778 /* SHKShareItemDelegate.h */,
				0A8D2E681566296D00EEC778 /* SHKShareMenu.h */,
				0A8D2E691566296D00EEC778 /* SHKViewControllerWrapper.h */,
			);
			path = UI;
			sourceTree = "<group>";
		};
		0A8D2E6A1566296D00EEC778 /* View */ = {
			isa = PBXGroup;
			children = (
				0A8D2E6B1566296D00EEC778 /* KCKeyboardDismissingViewController.h */,
				0A8D2E6C1566296D00EEC778 /* KCMainMenuViewController.h */,
				0A8D2E6D1566296D00EEC778 /* KCShareViewController.h */,
				0A8D2E6E1566296D00EEC778 /* KCViewController.h */,
			);
			path = View;
			sourceTree = "<group>";
		};
		0A8D2E6F1566296D00EEC778 /* Platforms */ = {
			isa = PBXGroup;
			children = (
				0A8D2E701566296D00EEC778 /* CCGL.h */,
				0A8D2E711566296D00EEC778 /* CCNS.h */,
				0A8D2E721566296D00EEC778 /* iOS */,
				0A8D2E7B1566296D00EEC778 /* Mac */,
			);
			path = Platforms;
			sourceTree = "<group>";
		};
		0A8D2E721566296D00EEC778 /* iOS */ = {
			isa = PBXGroup;
			children = (
				0A8D2E731566296D00EEC778 /* CCDirectorIOS.h */,
				0A8D2E741566296D00EEC778 /* CCTouchDelegateProtocol.h */,
				0A8D2E751566296D00EEC778 /* CCTouchDispatcher.h */,
				0A8D2E761566296D00EEC778 /* CCTouchHandler.h */,
				0A8D2E771566296D00EEC778 /* EAGLView.h */,
				0A8D2E781566296D00EEC778 /* ES1Renderer.h */,
				0A8D2E791566296D00EEC778 /* ESRenderer.h */,
				0A8D2E7A1566296D00EEC778 /* glu.h */,
			);
			path = iOS;
			sourceTree = "<group>";
		};
		0A8D2E7B1566296D00EEC778 /* Mac */ = {
			isa = PBXGroup;
			children = (
				0A8D2E7C1566296D00EEC778 /* CCDirectorMac.h */,
				0A8D2E7D1566296D00EEC778 /* CCEventDispatcher.h */,
				0A8D2E7E1566296D00EEC778 /* MacGLView.h */,
				0A8D2E7F1566296D00EEC778 /* MacWindow.h */,
			);
			path = Mac;
			sourceTree = "<group>";
		};
		0A8D2E801566296D00EEC778 /* Support */ = {
			isa = PBXGroup;
			children = (
				0A8D2E811566296D00EEC778 /* base64.h */,
				0A8D2E821566296D00EEC778 /* CCArray.h */,
				0A8D2E831566296D00EEC778 /* ccCArray.h */,
				0A8D2E841566296D00EEC778 /* CCFileUtils.h */,
				0A8D2E851566296D00EEC778 /* CCProfiling.h */,
				0A8D2E861566296D00EEC778 /* ccUtils.h */,
				0A8D2E871566296D00EEC778 /* CGPointExtension.h */,
				0A8D2E881566296D00EEC778 /* OpenGL_Internal.h */,
				0A8D2E891566296D00EEC778 /* Reachability.h */,
				0A8D2E8A1566296D00EEC778 /* TGAlib.h */,
				0A8D2E8B1566296D00EEC778 /* TransformUtils.h */,
				0A8D2E8C1566296D00EEC778 /* uthash.h */,
				0A8D2E8D1566296D00EEC778 /* utlist.h */,
				0A8D2E8E1566296D00EEC778 /* ZipUtils.h */,
			);
			path = Support;
			sourceTree = "<group>";
		};
/* End PBXGroup section */

/* Begin PBXNativeTarget section */
		0A7B4B44155899C70098BD0D /* RenderTextureTest-Kamcord */ = {
			isa = PBXNativeTarget;
			buildConfigurationList = 0A7B4B5D155899C70098BD0D /* Build configuration list for PBXNativeTarget "RenderTextureTest-Kamcord" */;
			buildPhases = (
				0A7B4B41155899C70098BD0D /* Sources */,
				0A7B4B42155899C70098BD0D /* Frameworks */,
				0A7B4B43155899C70098BD0D /* Resources */,
			);
			buildRules = (
			);
			dependencies = (
			);
			name = "RenderTextureTest-Kamcord";
			productName = "RenderTextureTest-Kamcord";
			productReference = 0A7B4B45155899C70098BD0D /* RenderTextureTest-Kamcord.app */;
			productType = "com.apple.product-type.application";
		};
/* End PBXNativeTarget section */

/* Begin PBXProject section */
		0A7B4B3C155899C70098BD0D /* Project object */ = {
			isa = PBXProject;
			attributes = {
				CLASSPREFIX = RenderTextureTest_Kamcord;
				LastUpgradeCheck = 0430;
			};
			buildConfigurationList = 0A7B4B3F155899C70098BD0D /* Build configuration list for PBXProject "RenderTextureTest-Kamcord" */;
			compatibilityVersion = "Xcode 3.2";
			developmentRegion = English;
			hasScannedForEncodings = 0;
			knownRegions = (
				en,
				English,
			);
			mainGroup = 0A7B4B3A155899C70098BD0D;
			productRefGroup = 0A7B4B46155899C70098BD0D /* Products */;
			projectDirPath = "";
			projectRoot = "";
			targets = (
				0A7B4B44155899C70098BD0D /* RenderTextureTest-Kamcord */,
			);
		};
/* End PBXProject section */

/* Begin PBXResourcesBuildPhase section */
		0A7B4B43155899C70098BD0D /* Resources */ = {
			isa = PBXResourcesBuildPhase;
			buildActionMask = 2147483647;
			files = (
				0A7B4B54155899C70098BD0D /* InfoPlist.strings in Resources */,
				0A0B6B881559E03700FE6264 /* 320x480-Splash-angry-01.png in Resources */,
				0A0B6B891559E03700FE6264 /* 320x480-Splash-angry-02.png in Resources */,
				0A0B6B8A1559E03700FE6264 /* 320x480-Splash-happy-01.png in Resources */,
				0A0B6B8B1559E03700FE6264 /* 320x480-Splash-happy-02.png in Resources */,
				0A0B6B8C1559E03700FE6264 /* 480x320-splash-angry-01.png in Resources */,
				0A0B6B8D1559E03700FE6264 /* 480x320-splash-angry-02.png in Resources */,
				0A0B6B8E1559E03700FE6264 /* 480x320-splash-happy-01.png in Resources */,
				0A0B6B8F1559E03700FE6264 /* 480x320-splash-happy-02.png in Resources */,
				0A0B6B901559E03700FE6264 /* Official-cocos2d-Icon-Angry.png in Resources */,
				0A0B6B911559E03700FE6264 /* Official-cocos2d-Icon-Happy.png in Resources */,
				0A0B6B921559E03700FE6264 /* Official-cocos2d-Logo-Landscape-Angry.png in Resources */,
				0A0B6B931559E03700FE6264 /* Official-cocos2d-Logo-Landscape-Happy.png in Resources */,
				0A0B6B941559E03700FE6264 /* Official-cocos2d-Logo-Portrait-Angry.png in Resources */,
				0A0B6B951559E03700FE6264 /* Official-cocos2d-Logo-Portrait-Happy.png in Resources */,
				0A0B6B961559E03700FE6264 /* Official-cocos2d-Tag.png in Resources */,
				0A0B6B971559E03700FE6264 /* README.txt in Resources */,
				0A0B6B981559E03700FE6264 /* sfchromefenders.ttf in Resources */,
				0A0B6B991559E03700FE6264 /* Default.png in Resources */,
				0A0B6B9B1559E03700FE6264 /* Icon-72.png in Resources */,
				0A0B6B9C1559E03700FE6264 /* Icon-Small-50.png in Resources */,
				0A0B6B9D1559E03700FE6264 /* Icon-Small.png in Resources */,
				0A0B6B9E1559E03700FE6264 /* Icon-Small@2x.png in Resources */,
				0A0B6B9F1559E03700FE6264 /* Icon.png in Resources */,
				0A0B6BA01559E03700FE6264 /* Icon@2x.png in Resources */,
				0A0B6BA11559E03700FE6264 /* Info.plist in Resources */,
				0A0B6BA21559E03700FE6264 /* InfoWithStatusBar.plist in Resources */,
				0A0B6BA31559E03700FE6264 /* iTunesArtwork in Resources */,
				0A0B6CFE1559F04500FE6264 /* bugs in Resources */,
				0A0B6D791559F27800FE6264 /* b1-hd.png in Resources */,
				0A0B6D7A1559F27800FE6264 /* b1.png in Resources */,
				0A0B6D7B1559F27800FE6264 /* b2-hd.png in Resources */,
				0A0B6D7C1559F27800FE6264 /* b2.png in Resources */,
				0A0B6D7D1559F27800FE6264 /* background3.jpg in Resources */,
				0A0B6D7E1559F27800FE6264 /* circle-hd.plist in Resources */,
				0A0B6D7F1559F27800FE6264 /* circle-hd.png in Resources */,
				0A0B6D801559F27800FE6264 /* circle.plist in Resources */,
				0A0B6D811559F27800FE6264 /* circle.png in Resources */,
				0A0B6D821559F27800FE6264 /* f1-hd.png in Resources */,
				0A0B6D831559F27800FE6264 /* f1.png in Resources */,
				0A0B6D841559F27800FE6264 /* f2-hd.png in Resources */,
				0A0B6D851559F27800FE6264 /* f2.png in Resources */,
				0A0B6D861559F27800FE6264 /* fire-grayscale.png in Resources */,
				0A0B6D871559F27800FE6264 /* fire.png in Resources */,
				0A0B6D881559F27800FE6264 /* fire.pvr in Resources */,
				0A0B6D891559F27800FE6264 /* fire_rgba8888.pvr in Resources */,
				0A0B6D8A1559F27800FE6264 /* fps_images-hd.png in Resources */,
				0A0B6D8B1559F27800FE6264 /* fps_images.png in Resources */,
				0A0B6D8C1559F27800FE6264 /* powered.png in Resources */,
				0A0B6D8D1559F27800FE6264 /* r1-hd.png in Resources */,
				0A0B6D8E1559F27800FE6264 /* r1.png in Resources */,
				0A0B6D8F1559F27800FE6264 /* r2-hd.png in Resources */,
				0A0B6D901559F27800FE6264 /* r2.png in Resources */,
				0A0B6D911559F27800FE6264 /* test_image.gif in Resources */,
				0A0B6D921559F27800FE6264 /* test_image.jpeg in Resources */,
				0A8D2DBA1566293700EEC778 /* email_icon_gray.png in Resources */,
				0A8D2DBB1566293700EEC778 /* email_icon.png in Resources */,
				0A8D2DBC1566293700EEC778 /* f_logo_gray_small.png in Resources */,
				0A8D2DBD1566293700EEC778 /* f_logo.png in Resources */,
				0A8D2DBE1566293700EEC778 /* KamcordStoryboard_iPad.storyboardc in Resources */,
				0A8D2DBF1566293700EEC778 /* KamcordStoryboard_iPhone_Portrait.storyboardc in Resources */,
				0A8D2DC01566293700EEC778 /* KamcordStoryboard_iPhone.storyboardc in Resources */,
				0A8D2DC11566293700EEC778 /* ShareKit.bundle in Resources */,
				0A8D2DC21566293700EEC778 /* SHKSharers.plist in Resources */,
				0A8D2DC31566293700EEC778 /* twitter_logo_gray_small.png in Resources */,
				0A8D2DC41566293700EEC778 /* twitter_logo.png in Resources */,
			);
			runOnlyForDeploymentPostprocessing = 0;
		};
/* End PBXResourcesBuildPhase section */

/* Begin PBXSourcesBuildPhase section */
		0A7B4B41155899C70098BD0D /* Sources */ = {
			isa = PBXSourcesBuildPhase;
			buildActionMask = 2147483647;
			files = (
				0A7B4B6715589CC90098BD0D /* RenderTextureTest.m in Sources */,
				0A7B4B56155899C70098BD0D /* main.m in Sources */,
			);
			runOnlyForDeploymentPostprocessing = 0;
		};
/* End PBXSourcesBuildPhase section */

/* Begin PBXVariantGroup section */
		0A7B4B52155899C70098BD0D /* InfoPlist.strings */ = {
			isa = PBXVariantGroup;
			children = (
				0A7B4B53155899C70098BD0D /* en */,
			);
			name = InfoPlist.strings;
			sourceTree = "<group>";
		};
/* End PBXVariantGroup section */

/* Begin XCBuildConfiguration section */
		0A7B4B5B155899C70098BD0D /* Debug */ = {
			isa = XCBuildConfiguration;
			buildSettings = {
				ALWAYS_SEARCH_USER_PATHS = NO;
				ARCHS = "$(ARCHS_STANDARD_32_BIT)";
				"CODE_SIGN_IDENTITY[sdk=iphoneos*]" = "iPhone Developer";
				COPY_PHASE_STRIP = NO;
				GCC_C_LANGUAGE_STANDARD = gnu99;
				GCC_DYNAMIC_NO_PIC = NO;
				GCC_OPTIMIZATION_LEVEL = 0;
				GCC_PREPROCESSOR_DEFINITIONS = (
					"DEBUG=1",
					"$(inherited)",
				);
				GCC_SYMBOLS_PRIVATE_EXTERN = NO;
				GCC_VERSION = com.apple.compilers.llvm.clang.1_0;
				GCC_WARN_ABOUT_RETURN_TYPE = YES;
				GCC_WARN_UNINITIALIZED_AUTOS = YES;
				GCC_WARN_UNUSED_VARIABLE = YES;
				IPHONEOS_DEPLOYMENT_TARGET = 5.1;
				SDKROOT = iphoneos;
				TARGETED_DEVICE_FAMILY = "1,2";
			};
			name = Debug;
		};
		0A7B4B5C155899C70098BD0D /* Release */ = {
			isa = XCBuildConfiguration;
			buildSettings = {
				ALWAYS_SEARCH_USER_PATHS = NO;
				ARCHS = "$(ARCHS_STANDARD_32_BIT)";
				"CODE_SIGN_IDENTITY[sdk=iphoneos*]" = "iPhone Developer";
				COPY_PHASE_STRIP = YES;
				GCC_C_LANGUAGE_STANDARD = gnu99;
				GCC_VERSION = com.apple.compilers.llvm.clang.1_0;
				GCC_WARN_ABOUT_RETURN_TYPE = YES;
				GCC_WARN_UNINITIALIZED_AUTOS = YES;
				GCC_WARN_UNUSED_VARIABLE = YES;
				IPHONEOS_DEPLOYMENT_TARGET = 5.1;
				OTHER_CFLAGS = "-DNS_BLOCK_ASSERTIONS=1";
				SDKROOT = iphoneos;
				TARGETED_DEVICE_FAMILY = "1,2";
				VALIDATE_PRODUCT = YES;
			};
			name = Release;
		};
		0A7B4B5E155899C70098BD0D /* Debug */ = {
			isa = XCBuildConfiguration;
			buildSettings = {
				FRAMEWORK_SEARCH_PATHS = (
					"$(inherited)",
					"\"$(SRCROOT)/../..\"",
					"\"$(SRCROOT)/../../Other Frameworks\"",
				);
				GCC_PRECOMPILE_PREFIX_HEADER = YES;
				GCC_PREFIX_HEADER = "RenderTextureTest-Kamcord/RenderTextureTest-Kamcord-Prefix.pch";
				HEADER_SEARCH_PATHS = "";
				INFOPLIST_FILE = "RenderTextureTest-Kamcord/RenderTextureTest-Kamcord-Info.plist";
				OTHER_LDFLAGS = (
					"-ObjC",
					"-all_load",
				);
				PRODUCT_NAME = "$(TARGET_NAME)";
				WRAPPER_EXTENSION = app;
			};
			name = Debug;
		};
		0A7B4B5F155899C70098BD0D /* Release */ = {
			isa = XCBuildConfiguration;
			buildSettings = {
				FRAMEWORK_SEARCH_PATHS = (
					"$(inherited)",
					"\"$(SRCROOT)/../..\"",
					"\"$(SRCROOT)/../../Other Frameworks\"",
				);
				GCC_PRECOMPILE_PREFIX_HEADER = YES;
				GCC_PREFIX_HEADER = "RenderTextureTest-Kamcord/RenderTextureTest-Kamcord-Prefix.pch";
				HEADER_SEARCH_PATHS = "";
				INFOPLIST_FILE = "RenderTextureTest-Kamcord/RenderTextureTest-Kamcord-Info.plist";
				OTHER_LDFLAGS = (
					"-ObjC",
					"-all_load",
				);
				PRODUCT_NAME = "$(TARGET_NAME)";
				WRAPPER_EXTENSION = app;
			};
			name = Release;
		};
/* End XCBuildConfiguration section */

/* Begin XCConfigurationList section */
		0A7B4B3F155899C70098BD0D /* Build configuration list for PBXProject "RenderTextureTest-Kamcord" */ = {
			isa = XCConfigurationList;
			buildConfigurations = (
				0A7B4B5B155899C70098BD0D /* Debug */,
				0A7B4B5C155899C70098BD0D /* Release */,
			);
			defaultConfigurationIsVisible = 0;
			defaultConfigurationName = Release;
		};
		0A7B4B5D155899C70098BD0D /* Build configuration list for PBXNativeTarget "RenderTextureTest-Kamcord" */ = {
			isa = XCConfigurationList;
			buildConfigurations = (
				0A7B4B5E155899C70098BD0D /* Debug */,
				0A7B4B5F155899C70098BD0D /* Release */,
			);
			defaultConfigurationIsVisible = 0;
			defaultConfigurationName = Release;
		};
/* End XCConfigurationList section */
	};
	rootObject = 0A7B4B3C155899C70098BD0D /* Project object */;
}
